{
  "lockfile-version": 1,
  "manifest": {
    "version": 1,
    "install": {
      "atuin": {
        "pkg-path": "atuin"
      },
      "gh": {
        "pkg-path": "gh"
      },
      "git": {
        "pkg-path": "git"
      },
      "jq": {
        "pkg-path": "jq"
      },
      "neovim": {
        "pkg-path": "neovim"
      },
      "ripgrep": {
        "pkg-path": "ripgrep"
      }
    },
    "hook": {},
    "profile": {},
    "options": {
      "systems": [
        "aarch64-darwin",
        "aarch64-linux",
        "x86_64-darwin",
        "x86_64-linux"
      ],
      "activate": {
        "mode": "run"
      }
    }
  },
  "packages": [
    {
      "attr_path": "atuin",
      "broken": false,
      "derivation": "/nix/store/ij9x8v2l3qx4kvksd3fwy6d7blv9a6mn-atuin-18.5.0.drv",
      "description": "Replacement for a shell history which records additional commands context with optional encrypted synchronization between machines",
      "install_id": "atuin",
      "license": "MIT",
      "locked_url": "https://github.com/flox/nixpkgs?rev=979daf34c8cacebcd917d540070b52a3c2b9b16e",
      "name": "atuin-18.5.0",
      "pname": "atuin",
      "rev": "979daf34c8cacebcd917d540070b52a3c2b9b16e",
      "rev_count": 793735,
      "rev_date": "2025-05-04T03:14:55Z",
      "scrape_date": "2025-05-05T04:19:27.999885Z",
      "stabilities": [
        "unstable"
      ],
      "unfree": false,
      "version": "18.5.0",
      "outputs_to_install": [
        "out"
      ],
      "outputs": {
        "out": "/nix/store/ayk9gfmzs51rqlfyazk62lchmdzfbqsb-atuin-18.5.0"
      },
      "system": "aarch64-darwin",
      "group": "toplevel",
      "priority": 5
    },
    {
      "attr_path": "atuin",
      "broken": false,
      "derivation": "/nix/store/vr1f7yjnvpj17vyzswzg7b5yqip8n26c-atuin-18.5.0.drv",
      "description": "Replacement for a shell history which records additional commands context with optional encrypted synchronization between machines",
      "install_id": "atuin",
      "license": "MIT",
      "locked_url": "https://github.com/flox/nixpkgs?rev=979daf34c8cacebcd917d540070b52a3c2b9b16e",
      "name": "atuin-18.5.0",
      "pname": "atuin",
      "rev": "979daf34c8cacebcd917d540070b52a3c2b9b16e",
      "rev_count": 793735,
      "rev_date": "2025-05-04T03:14:55Z",
      "scrape_date": "2025-05-05T04:37:19.245831Z",
      "stabilities": [
        "unstable"
      ],
      "unfree": false,
      "version": "18.5.0",
      "outputs_to_install": [
        "out"
      ],
      "outputs": {
        "out": "/nix/store/cp123vr2aa31m72s61c1lqpz2anf0w0q-atuin-18.5.0"
      },
      "system": "aarch64-linux",
      "group": "toplevel",
      "priority": 5
    },
    {
      "attr_path": "atuin",
      "broken": false,
      "derivation": "/nix/store/79p0lk1kvgx2n35m5x3xmgfkjivy824k-atuin-18.5.0.drv",
      "description": "Replacement for a shell history which records additional commands context with optional encrypted synchronization between machines",
      "install_id": "atuin",
      "license": "MIT",
      "locked_url": "https://github.com/flox/nixpkgs?rev=979daf34c8cacebcd917d540070b52a3c2b9b16e",
      "name": "atuin-18.5.0",
      "pname": "atuin",
      "rev": "979daf34c8cacebcd917d540070b52a3c2b9b16e",
      "rev_count": 793735,
      "rev_date": "2025-05-04T03:14:55Z",
      "scrape_date": "2025-05-05T04:54:29.021331Z",
      "stabilities": [
        "unstable"
      ],
      "unfree": false,
      "version": "18.5.0",
      "outputs_to_install": [
        "out"
      ],
      "outputs": {
        "out": "/nix/store/8jmhdrniba58bs9zgg8qp5q9v57js3kq-atuin-18.5.0"
      },
      "system": "x86_64-darwin",
      "group": "toplevel",
      "priority": 5
    },
    {
      "attr_path": "atuin",
      "broken": false,
      "derivation": "/nix/store/q38zy7qiflm0r9z2r8vcdjs3hhxasw9l-atuin-18.5.0.drv",
      "description": "Replacement for a shell history which records additional commands context with optional encrypted synchronization between machines",
      "install_id": "atuin",
      "license": "MIT",
      "locked_url": "https://github.com/flox/nixpkgs?rev=979daf34c8cacebcd917d540070b52a3c2b9b16e",
      "name": "atuin-18.5.0",
      "pname": "atuin",
      "rev": "979daf34c8cacebcd917d540070b52a3c2b9b16e",
      "rev_count": 793735,
      "rev_date": "2025-05-04T03:14:55Z",
      "scrape_date": "2025-05-05T05:15:54.030954Z",
      "stabilities": [
        "unstable"
      ],
      "unfree": false,
      "version": "18.5.0",
      "outputs_to_install": [
        "out"
      ],
      "outputs": {
        "out": "/nix/store/yjxda2x9084ffv0kwlav8nblf0ikydxx-atuin-18.5.0"
      },
      "system": "x86_64-linux",
      "group": "toplevel",
      "priority": 5
    },
    {
      "attr_path": "gh",
      "broken": false,
      "derivation": "/nix/store/5zahyc1gf2gkjl1z3lq8ms4ndw06qkw3-gh-2.72.0.drv",
      "description": "GitHub CLI tool",
      "install_id": "gh",
      "license": "MIT",
      "locked_url": "https://github.com/flox/nixpkgs?rev=979daf34c8cacebcd917d540070b52a3c2b9b16e",
      "name": "gh-2.72.0",
      "pname": "gh",
      "rev": "979daf34c8cacebcd917d540070b52a3c2b9b16e",
      "rev_count": 793735,
      "rev_date": "2025-05-04T03:14:55Z",
      "scrape_date": "2025-05-05T04:19:29.125896Z",
      "stabilities": [
        "unstable"
      ],
      "unfree": false,
      "version": "2.72.0",
      "outputs_to_install": [
        "out"
      ],
      "outputs": {
        "out": "/nix/store/qzh3pln071d8zs11bb6ppnmfx7w5gkqf-gh-2.72.0"
      },
      "system": "aarch64-darwin",
      "group": "toplevel",
      "priority": 5
    },
    {
      "attr_path": "gh",
      "broken": false,
      "derivation": "/nix/store/graclcl6icxdszj3zwnvh0bsr21nv5ba-gh-2.72.0.drv",
      "description": "GitHub CLI tool",
      "install_id": "gh",
      "license": "MIT",
      "locked_url": "https://github.com/flox/nixpkgs?rev=979daf34c8cacebcd917d540070b52a3c2b9b16e",
      "name": "gh-2.72.0",
      "pname": "gh",
      "rev": "979daf34c8cacebcd917d540070b52a3c2b9b16e",
      "rev_count": 793735,
      "rev_date": "2025-05-04T03:14:55Z",
      "scrape_date": "2025-05-05T04:37:20.473832Z",
      "stabilities": [
        "unstable"
      ],
      "unfree": false,
      "version": "2.72.0",
      "outputs_to_install": [
        "out"
      ],
      "outputs": {
        "out": "/nix/store/vp7hnp6xs25vyfin9d2ipsnc9spvmymi-gh-2.72.0"
      },
      "system": "aarch64-linux",
      "group": "toplevel",
      "priority": 5
    },
    {
      "attr_path": "gh",
      "broken": false,
      "derivation": "/nix/store/9pbdcq675xvymxz8sf5q5zmsmynbfkyj-gh-2.72.0.drv",
      "description": "GitHub CLI tool",
      "install_id": "gh",
      "license": "MIT",
      "locked_url": "https://github.com/flox/nixpkgs?rev=979daf34c8cacebcd917d540070b52a3c2b9b16e",
      "name": "gh-2.72.0",
      "pname": "gh",
      "rev": "979daf34c8cacebcd917d540070b52a3c2b9b16e",
      "rev_count": 793735,
      "rev_date": "2025-05-04T03:14:55Z",
      "scrape_date": "2025-05-05T04:54:29.754677Z",
      "stabilities": [
        "unstable"
      ],
      "unfree": false,
      "version": "2.72.0",
      "outputs_to_install": [
        "out"
      ],
      "outputs": {
        "out": "/nix/store/kgsgb0rk2qxj9fxa2chra1dyrkwlxsyf-gh-2.72.0"
      },
      "system": "x86_64-darwin",
      "group": "toplevel",
      "priority": 5
    },
    {
      "attr_path": "gh",
      "broken": false,
      "derivation": "/nix/store/7qsikscfn4sv340fh6vda8mmcpcbrn03-gh-2.72.0.drv",
      "description": "GitHub CLI tool",
      "install_id": "gh",
      "license": "MIT",
      "locked_url": "https://github.com/flox/nixpkgs?rev=979daf34c8cacebcd917d540070b52a3c2b9b16e",
      "name": "gh-2.72.0",
      "pname": "gh",
      "rev": "979daf34c8cacebcd917d540070b52a3c2b9b16e",
      "rev_count": 793735,
      "rev_date": "2025-05-04T03:14:55Z",
      "scrape_date": "2025-05-05T05:15:55.402678Z",
      "stabilities": [
        "unstable"
      ],
      "unfree": false,
      "version": "2.72.0",
      "outputs_to_install": [
        "out"
      ],
      "outputs": {
        "out": "/nix/store/492b89syymbibjgsh06sj3xasd36z1ln-gh-2.72.0"
      },
      "system": "x86_64-linux",
      "group": "toplevel",
      "priority": 5
    },
    {
      "attr_path": "git",
      "broken": false,
      "derivation": "/nix/store/im9vl6kdsxxjv16zkfw414jky5xxwz7x-git-2.49.0.drv",
      "description": "Distributed version control system",
      "install_id": "git",
      "license": "GPL-2.0",
      "locked_url": "https://github.com/flox/nixpkgs?rev=979daf34c8cacebcd917d540070b52a3c2b9b16e",
      "name": "git-2.49.0",
      "pname": "git",
      "rev": "979daf34c8cacebcd917d540070b52a3c2b9b16e",
      "rev_count": 793735,
      "rev_date": "2025-05-04T03:14:55Z",
      "scrape_date": "2025-05-05T04:19:29.148132Z",
      "stabilities": [
        "unstable"
      ],
      "unfree": false,
      "version": "2.49.0",
      "outputs_to_install": [
        "out"
      ],
      "outputs": {
        "doc": "/nix/store/2hygrabh741w0ynwcb6gy2922cx4fnj3-git-2.49.0-doc",
        "out": "/nix/store/s5b9rm8fjxggjak0yl2dkxzswfpzl8p8-git-2.49.0"
      },
      "system": "aarch64-darwin",
      "group": "toplevel",
      "priority": 5
    },
    {
      "attr_path": "git",
      "broken": false,
      "derivation": "/nix/store/7p5bngghx74w6a16j4vm1iam49n4xl4s-git-2.49.0.drv",
      "description": "Distributed version control system",
      "install_id": "git",
      "license": "GPL-2.0",
      "locked_url": "https://github.com/flox/nixpkgs?rev=979daf34c8cacebcd917d540070b52a3c2b9b16e",
      "name": "git-2.49.0",
      "pname": "git",
      "rev": "979daf34c8cacebcd917d540070b52a3c2b9b16e",
      "rev_count": 793735,
      "rev_date": "2025-05-04T03:14:55Z",
      "scrape_date": "2025-05-05T04:37:20.509427Z",
      "stabilities": [
        "unstable"
      ],
      "unfree": false,
      "version": "2.49.0",
      "outputs_to_install": [
        "out"
      ],
      "outputs": {
        "debug": "/nix/store/vs85jsc77vry2c6rj9dxqljs8ngfbzqm-git-2.49.0-debug",
        "doc": "/nix/store/xlw2bb2hbdbbdm0kwy84kjkc9gbz5viw-git-2.49.0-doc",
        "out": "/nix/store/lchj5sfm6yyhv5jhahh5xr2fg239218r-git-2.49.0"
      },
      "system": "aarch64-linux",
      "group": "toplevel",
      "priority": 5
    },
    {
      "attr_path": "git",
      "broken": false,
      "derivation": "/nix/store/hmqm2pqy3h2pn3ln2fmm6yikz628dkh1-git-2.49.0.drv",
      "description": "Distributed version control system",
      "install_id": "git",
      "license": "GPL-2.0",
      "locked_url": "https://github.com/flox/nixpkgs?rev=979daf34c8cacebcd917d540070b52a3c2b9b16e",
      "name": "git-2.49.0",
      "pname": "git",
      "rev": "979daf34c8cacebcd917d540070b52a3c2b9b16e",
      "rev_count": 793735,
      "rev_date": "2025-05-04T03:14:55Z",
      "scrape_date": "2025-05-05T04:54:29.777870Z",
      "stabilities": [
        "unstable"
      ],
      "unfree": false,
      "version": "2.49.0",
      "outputs_to_install": [
        "out"
      ],
      "outputs": {
        "doc": "/nix/store/yiy6g5pi9jvp2nzgd4ncfwbhs13nwwz1-git-2.49.0-doc",
        "out": "/nix/store/0zv7h6mzrxk0sarvis22imr9nmnmqlpg-git-2.49.0"
      },
      "system": "x86_64-darwin",
      "group": "toplevel",
      "priority": 5
    },
    {
      "attr_path": "git",
      "broken": false,
      "derivation": "/nix/store/dpvfnc4g3nf114vq59b7mzwc06hnyd6b-git-2.49.0.drv",
      "description": "Distributed version control system",
      "install_id": "git",
      "license": "GPL-2.0",
      "locked_url": "https://github.com/flox/nixpkgs?rev=979daf34c8cacebcd917d540070b52a3c2b9b16e",
      "name": "git-2.49.0",
      "pname": "git",
      "rev": "979daf34c8cacebcd917d540070b52a3c2b9b16e",
      "rev_count": 793735,
      "rev_date": "2025-05-04T03:14:55Z",
      "scrape_date": "2025-05-05T05:15:55.441623Z",
      "stabilities": [
        "unstable"
      ],
      "unfree": false,
      "version": "2.49.0",
      "outputs_to_install": [
        "out"
      ],
      "outputs": {
        "debug": "/nix/store/iqqkgyx1af5k2gs4gmngniqb0ianiy6c-git-2.49.0-debug",
        "doc": "/nix/store/aybg94ca033nw784qjzmrlysbbl2ihpw-git-2.49.0-doc",
        "out": "/nix/store/8yxfakwxgm718jvzidda017ny50nzafn-git-2.49.0"
      },
      "system": "x86_64-linux",
      "group": "toplevel",
      "priority": 5
    },
    {
      "attr_path": "jq",
      "broken": false,
      "derivation": "/nix/store/kysqbgfgwgifws19mgz09d4044rzl03f-jq-1.7.1.drv",
      "description": "Lightweight and flexible command-line JSON processor",
      "install_id": "jq",
      "license": "MIT",
      "locked_url": "https://github.com/flox/nixpkgs?rev=979daf34c8cacebcd917d540070b52a3c2b9b16e",
      "name": "jq-1.7.1",
      "pname": "jq",
      "rev": "979daf34c8cacebcd917d540070b52a3c2b9b16e",
      "rev_count": 793735,
      "rev_date": "2025-05-04T03:14:55Z",
      "scrape_date": "2025-05-05T04:19:29.672922Z",
      "stabilities": [
        "unstable"
      ],
      "unfree": false,
      "version": "1.7.1",
      "outputs_to_install": [
        "bin",
        "man"
      ],
      "outputs": {
        "bin": "/nix/store/d0r880glv6pvpxibssrcl2v7v4sqijfx-jq-1.7.1-bin",
        "dev": "/nix/store/d3w37gvgsapsh612vyy0b0lnjq81bhhd-jq-1.7.1-dev",
        "doc": "/nix/store/31mydlnw005lpaslc5yqgmxy5mfhzs98-jq-1.7.1-doc",
        "man": "/nix/store/51dbhjrpi3dnj3jv9npjk1wvqcjfpz2n-jq-1.7.1-man",
        "out": "/nix/store/kd68ckkv7lqnfb46rk1746mhig0hhpl5-jq-1.7.1"
      },
      "system": "aarch64-darwin",
      "group": "toplevel",
      "priority": 5
    },
    {
      "attr_path": "jq",
      "broken": false,
      "derivation": "/nix/store/mf49wmr7dzwax8vncr8gs77lgnajaarx-jq-1.7.1.drv",
      "description": "Lightweight and flexible command-line JSON processor",
      "install_id": "jq",
      "license": "MIT",
      "locked_url": "https://github.com/flox/nixpkgs?rev=979daf34c8cacebcd917d540070b52a3c2b9b16e",
      "name": "jq-1.7.1",
      "pname": "jq",
      "rev": "979daf34c8cacebcd917d540070b52a3c2b9b16e",
      "rev_count": 793735,
      "rev_date": "2025-05-04T03:14:55Z",
      "scrape_date": "2025-05-05T04:37:22.242595Z",
      "stabilities": [
        "unstable"
      ],
      "unfree": false,
      "version": "1.7.1",
      "outputs_to_install": [
        "bin",
        "man"
      ],
      "outputs": {
        "bin": "/nix/store/k8if483b70jz7k45v7r3zgpwx600slaz-jq-1.7.1-bin",
        "dev": "/nix/store/l89ym36dx7cr6mxlgxlgzdg9wpi3sfn1-jq-1.7.1-dev",
        "doc": "/nix/store/cy1fhm3bshrpa32ld7vv354hwgd4nxlf-jq-1.7.1-doc",
        "man": "/nix/store/857krxj0db5bri4z9gks0hfgw6bzv9wg-jq-1.7.1-man",
        "out": "/nix/store/vdigqrk4rsyy21wkmcw32np2wg33iq7l-jq-1.7.1"
      },
      "system": "aarch64-linux",
      "group": "toplevel",
      "priority": 5
    },
    {
      "attr_path": "jq",
      "broken": false,
      "derivation": "/nix/store/h2pw48h5vwkabjrvq7ff08y6gdfl7dqw-jq-1.7.1.drv",
      "description": "Lightweight and flexible command-line JSON processor",
      "install_id": "jq",
      "license": "MIT",
      "locked_url": "https://github.com/flox/nixpkgs?rev=979daf34c8cacebcd917d540070b52a3c2b9b16e",
      "name": "jq-1.7.1",
      "pname": "jq",
      "rev": "979daf34c8cacebcd917d540070b52a3c2b9b16e",
      "rev_count": 793735,
      "rev_date": "2025-05-04T03:14:55Z",
      "scrape_date": "2025-05-05T04:54:30.346265Z",
      "stabilities": [
        "unstable"
      ],
      "unfree": false,
      "version": "1.7.1",
      "outputs_to_install": [
        "bin",
        "man"
      ],
      "outputs": {
        "bin": "/nix/store/d7scikakdayw3xjw8pm55q8j146qwxwd-jq-1.7.1-bin",
        "dev": "/nix/store/h80zvna5sb5klg3q56l22rw2cac35pzm-jq-1.7.1-dev",
        "doc": "/nix/store/v51p982wn5hrjvfprr5h5f7ffakj86iq-jq-1.7.1-doc",
        "man": "/nix/store/giabrd1iawzw666w62n4dw7czs6k580i-jq-1.7.1-man",
        "out": "/nix/store/8fd0arnj59yvp8clz9a14p61dhchp8kk-jq-1.7.1"
      },
      "system": "x86_64-darwin",
      "group": "toplevel",
      "priority": 5
    },
    {
      "attr_path": "jq",
      "broken": false,
      "derivation": "/nix/store/pv893078nkchi2flra5cfdl04fv2qzcz-jq-1.7.1.drv",
      "description": "Lightweight and flexible command-line JSON processor",
      "install_id": "jq",
      "license": "MIT",
      "locked_url": "https://github.com/flox/nixpkgs?rev=979daf34c8cacebcd917d540070b52a3c2b9b16e",
      "name": "jq-1.7.1",
      "pname": "jq",
      "rev": "979daf34c8cacebcd917d540070b52a3c2b9b16e",
      "rev_count": 793735,
      "rev_date": "2025-05-04T03:14:55Z",
      "scrape_date": "2025-05-05T05:15:57.329948Z",
      "stabilities": [
        "unstable"
      ],
      "unfree": false,
      "version": "1.7.1",
      "outputs_to_install": [
        "bin",
        "man"
      ],
      "outputs": {
        "bin": "/nix/store/3nawavhk39z9p0l87vdpbiarvyirzv01-jq-1.7.1-bin",
        "dev": "/nix/store/g53bmywyp08ppwfcr8i0hilpz2v7vby7-jq-1.7.1-dev",
        "doc": "/nix/store/hf32jpvi9pg899kz18iwnlw57w83kq78-jq-1.7.1-doc",
        "man": "/nix/store/9ym6hfn6id819vmjgffn9lxk980q6xbm-jq-1.7.1-man",
        "out": "/nix/store/2y5zfakdg53hqbac3rnvb72vmllpn9zf-jq-1.7.1"
      },
      "system": "x86_64-linux",
      "group": "toplevel",
      "priority": 5
    },
    {
      "attr_path": "neovim",
      "broken": false,
      "derivation": "/nix/store/mmqq2kfgfnhgnsr8m1bgwwz7kpmrifj7-neovim-0.11.1.drv",
      "description": "Vim text editor fork focused on extensibility and agility",
      "install_id": "neovim",
      "license": "[ Apache-2.0, Vim ]",
      "locked_url": "https://github.com/flox/nixpkgs?rev=979daf34c8cacebcd917d540070b52a3c2b9b16e",
      "name": "neovim-0.11.1",
      "pname": "neovim",
      "rev": "979daf34c8cacebcd917d540070b52a3c2b9b16e",
      "rev_count": 793735,
      "rev_date": "2025-05-04T03:14:55Z",
      "scrape_date": "2025-05-05T04:19:31.426221Z",
      "stabilities": [
        "unstable"
      ],
      "unfree": false,
      "version": "0.11.1",
      "outputs_to_install": [
        "out"
      ],
      "outputs": {
        "out": "/nix/store/agsb34nbc19di0n6dcndnrjn195lg3j7-neovim-0.11.1"
      },
      "system": "aarch64-darwin",
      "group": "toplevel",
      "priority": 5
    },
    {
      "attr_path": "neovim",
      "broken": false,
      "derivation": "/nix/store/lshrfcc84hnnl9ncfdkm4gfdnbx1isjz-neovim-0.11.1.drv",
      "description": "Vim text editor fork focused on extensibility and agility",
      "install_id": "neovim",
      "license": "[ Apache-2.0, Vim ]",
      "locked_url": "https://github.com/flox/nixpkgs?rev=979daf34c8cacebcd917d540070b52a3c2b9b16e",
      "name": "neovim-0.11.1",
      "pname": "neovim",
      "rev": "979daf34c8cacebcd917d540070b52a3c2b9b16e",
      "rev_count": 793735,
      "rev_date": "2025-05-04T03:14:55Z",
      "scrape_date": "2025-05-05T04:37:30.000188Z",
      "stabilities": [
        "unstable"
      ],
      "unfree": false,
      "version": "0.11.1",
      "outputs_to_install": [
        "out"
      ],
      "outputs": {
        "out": "/nix/store/nfw1cwqsf367439p254svl6bzrbhwkf2-neovim-0.11.1"
      },
      "system": "aarch64-linux",
      "group": "toplevel",
      "priority": 5
    },
    {
      "attr_path": "neovim",
      "broken": false,
      "derivation": "/nix/store/1g1ixxwyq44iinymkzhz4r6zirhwr9xa-neovim-0.11.1.drv",
      "description": "Vim text editor fork focused on extensibility and agility",
      "install_id": "neovim",
      "license": "[ Apache-2.0, Vim ]",
      "locked_url": "https://github.com/flox/nixpkgs?rev=979daf34c8cacebcd917d540070b52a3c2b9b16e",
      "name": "neovim-0.11.1",
      "pname": "neovim",
      "rev": "979daf34c8cacebcd917d540070b52a3c2b9b16e",
      "rev_count": 793735,
      "rev_date": "2025-05-04T03:14:55Z",
      "scrape_date": "2025-05-05T04:54:32.126105Z",
      "stabilities": [
        "unstable"
      ],
      "unfree": false,
      "version": "0.11.1",
      "outputs_to_install": [
        "out"
      ],
      "outputs": {
        "out": "/nix/store/9pkhlfzbgrv55mww0f796qj6x3418ji5-neovim-0.11.1"
      },
      "system": "x86_64-darwin",
      "group": "toplevel",
      "priority": 5
    },
    {
      "attr_path": "neovim",
      "broken": false,
      "derivation": "/nix/store/cdm2890jpgnrh3ai9ckyswjfnidp585z-neovim-0.11.1.drv",
      "description": "Vim text editor fork focused on extensibility and agility",
      "install_id": "neovim",
      "license": "[ Apache-2.0, Vim ]",
      "locked_url": "https://github.com/flox/nixpkgs?rev=979daf34c8cacebcd917d540070b52a3c2b9b16e",
      "name": "neovim-0.11.1",
      "pname": "neovim",
      "rev": "979daf34c8cacebcd917d540070b52a3c2b9b16e",
      "rev_count": 793735,
      "rev_date": "2025-05-04T03:14:55Z",
      "scrape_date": "2025-05-05T05:16:06.702566Z",
      "stabilities": [
        "unstable"
      ],
      "unfree": false,
      "version": "0.11.1",
      "outputs_to_install": [
        "out"
      ],
      "outputs": {
        "out": "/nix/store/pwfvnc4siqicjr3karlzy0s45n8nkway-neovim-0.11.1"
      },
      "system": "x86_64-linux",
      "group": "toplevel",
      "priority": 5
    },
    {
      "attr_path": "ripgrep",
      "broken": false,
      "derivation": "/nix/store/kibagilmw8yl31lwkbjf4mfw9lxgmijq-ripgrep-14.1.1.drv",
      "description": "Utility that combines the usability of The Silver Searcher with the raw speed of grep",
      "install_id": "ripgrep",
      "license": "[ Unlicense, MIT ]",
      "locked_url": "https://github.com/flox/nixpkgs?rev=979daf34c8cacebcd917d540070b52a3c2b9b16e",
      "name": "ripgrep-14.1.1",
      "pname": "ripgrep",
      "rev": "979daf34c8cacebcd917d540070b52a3c2b9b16e",
      "rev_count": 793735,
      "rev_date": "2025-05-04T03:14:55Z",
      "scrape_date": "2025-05-05T04:19:58.067751Z",
      "stabilities": [
        "unstable"
      ],
      "unfree": false,
      "version": "14.1.1",
      "outputs_to_install": [
        "out"
      ],
      "outputs": {
        "out": "/nix/store/sww176gkmj1mb9ad1zcw6mwvkz4r49w5-ripgrep-14.1.1"
      },
      "system": "aarch64-darwin",
      "group": "toplevel",
      "priority": 5
    },
    {
      "attr_path": "ripgrep",
      "broken": false,
      "derivation": "/nix/store/d3mcmxy4bqzqc4l33yx4zi76ffxd9599-ripgrep-14.1.1.drv",
      "description": "Utility that combines the usability of The Silver Searcher with the raw speed of grep",
      "install_id": "ripgrep",
      "license": "[ Unlicense, MIT ]",
      "locked_url": "https://github.com/flox/nixpkgs?rev=979daf34c8cacebcd917d540070b52a3c2b9b16e",
      "name": "ripgrep-14.1.1",
      "pname": "ripgrep",
      "rev": "979daf34c8cacebcd917d540070b52a3c2b9b16e",
      "rev_count": 793735,
      "rev_date": "2025-05-04T03:14:55Z",
      "scrape_date": "2025-05-05T04:38:13.370249Z",
      "stabilities": [
        "unstable"
      ],
      "unfree": false,
      "version": "14.1.1",
      "outputs_to_install": [
        "out"
      ],
      "outputs": {
        "out": "/nix/store/5cc1d6lb9r52lwbwfkck7p7sxzi9sqbn-ripgrep-14.1.1"
      },
      "system": "aarch64-linux",
      "group": "toplevel",
      "priority": 5
    },
    {
      "attr_path": "ripgrep",
      "broken": false,
      "derivation": "/nix/store/9aa1rl27ay8x4k3g1v2kafiamqvr8k9g-ripgrep-14.1.1.drv",
      "description": "Utility that combines the usability of The Silver Searcher with the raw speed of grep",
      "install_id": "ripgrep",
      "license": "[ Unlicense, MIT ]",
      "locked_url": "https://github.com/flox/nixpkgs?rev=979daf34c8cacebcd917d540070b52a3c2b9b16e",
      "name": "ripgrep-14.1.1",
      "pname": "ripgrep",
      "rev": "979daf34c8cacebcd917d540070b52a3c2b9b16e",
      "rev_count": 793735,
      "rev_date": "2025-05-04T03:14:55Z",
      "scrape_date": "2025-05-05T04:54:58.739943Z",
      "stabilities": [
        "unstable"
      ],
      "unfree": false,
      "version": "14.1.1",
      "outputs_to_install": [
        "out"
      ],
      "outputs": {
        "out": "/nix/store/58v85r64y0nxl43s4jcy56b3ip6xws9l-ripgrep-14.1.1"
      },
      "system": "x86_64-darwin",
      "group": "toplevel",
      "priority": 5
    },
    {
      "attr_path": "ripgrep",
      "broken": false,
      "derivation": "/nix/store/52c3li7cn3lbhmnb4w2yiyjmf65l5zaw-ripgrep-14.1.1.drv",
      "description": "Utility that combines the usability of The Silver Searcher with the raw speed of grep",
      "install_id": "ripgrep",
      "license": "[ Unlicense, MIT ]",
      "locked_url": "https://github.com/flox/nixpkgs?rev=979daf34c8cacebcd917d540070b52a3c2b9b16e",
      "name": "ripgrep-14.1.1",
      "pname": "ripgrep",
      "rev": "979daf34c8cacebcd917d540070b52a3c2b9b16e",
      "rev_count": 793735,
      "rev_date": "2025-05-04T03:14:55Z",
      "scrape_date": "2025-05-05T05:16:52.685230Z",
      "stabilities": [
        "unstable"
      ],
      "unfree": false,
      "version": "14.1.1",
      "outputs_to_install": [
        "out"
      ],
      "outputs": {
        "out": "/nix/store/12q5d8802sxmf7zv6fqf984r8khffj40-ripgrep-14.1.1"
      },
      "system": "x86_64-linux",
      "group": "toplevel",
      "priority": 5
    }
  ]
}