{
  "lockfile-version": 1,
  "manifest": {
    "version": 1,
    "install": {
      "atuin": {
        "pkg-path": "atuin"
      },
      "fzf": {
        "pkg-path": "fzf"
      },
      "gh": {
        "pkg-path": "gh"
      },
      "git": {
        "pkg-path": "git"
      },
      "jq": {
        "pkg-path": "jq"
      },
      "neovim": {
        "pkg-path": "neovim"
      },
      "ripgrep": {
        "pkg-path": "ripgrep"
      },
      "tldr": {
        "pkg-path": "tldr"
      },
      "tree": {
        "pkg-path": "tree"
      }
    },
    "hook": {},
    "profile": {},
    "options": {
      "systems": [
        "aarch64-darwin",
        "aarch64-linux",
        "x86_64-darwin",
        "x86_64-linux"
      ],
      "activate": {
        "mode": "run"
      }
    }
  },
  "packages": [
    {
      "attr_path": "atuin",
      "broken": false,
      "derivation": "/nix/store/gakk5kzgv32wxnl425798b0qz19dzc2w-atuin-18.8.0.drv",
      "description": "Replacement for a shell history which records additional commands context with optional encrypted synchronization between machines",
      "install_id": "atuin",
      "license": "MIT",
      "locked_url": "https://github.com/flox/nixpkgs?rev=dfb2f12e899db4876308eba6d93455ab7da304cd",
      "name": "atuin-18.8.0",
      "pname": "atuin",
      "rev": "dfb2f12e899db4876308eba6d93455ab7da304cd",
      "rev_count": 853093,
      "rev_date": "2025-08-28T13:12:38Z",
      "scrape_date": "2025-08-30T03:27:58.640074Z",
      "stabilities": [
        "unstable"
      ],
      "unfree": false,
      "version": "18.8.0",
      "outputs_to_install": [
        "out"
      ],
      "outputs": {
        "out": "/nix/store/wfl1x39fr6a865m36s4h52sf6jdry3d1-atuin-18.8.0"
      },
      "system": "aarch64-darwin",
      "group": "toplevel",
      "priority": 5
    },
    {
      "attr_path": "atuin",
      "broken": false,
      "derivation": "/nix/store/1v0z60sciiandwpahrp7mmjg309zg7k7-atuin-18.8.0.drv",
      "description": "Replacement for a shell history which records additional commands context with optional encrypted synchronization between machines",
      "install_id": "atuin",
      "license": "MIT",
      "locked_url": "https://github.com/flox/nixpkgs?rev=dfb2f12e899db4876308eba6d93455ab7da304cd",
      "name": "atuin-18.8.0",
      "pname": "atuin",
      "rev": "dfb2f12e899db4876308eba6d93455ab7da304cd",
      "rev_count": 853093,
      "rev_date": "2025-08-28T13:12:38Z",
      "scrape_date": "2025-08-30T03:36:11.776010Z",
      "stabilities": [
        "unstable"
      ],
      "unfree": false,
      "version": "18.8.0",
      "outputs_to_install": [
        "out"
      ],
      "outputs": {
        "out": "/nix/store/f2v4mdykm13z0bks94rag000z6f7wa1l-atuin-18.8.0"
      },
      "system": "aarch64-linux",
      "group": "toplevel",
      "priority": 5
    },
    {
      "attr_path": "atuin",
      "broken": false,
      "derivation": "/nix/store/54maka97m1w9jnvl8w25l9ncqdk4qrw0-atuin-18.8.0.drv",
      "description": "Replacement for a shell history which records additional commands context with optional encrypted synchronization between machines",
      "install_id": "atuin",
      "license": "MIT",
      "locked_url": "https://github.com/flox/nixpkgs?rev=dfb2f12e899db4876308eba6d93455ab7da304cd",
      "name": "atuin-18.8.0",
      "pname": "atuin",
      "rev": "dfb2f12e899db4876308eba6d93455ab7da304cd",
      "rev_count": 853093,
      "rev_date": "2025-08-28T13:12:38Z",
      "scrape_date": "2025-08-30T03:44:13.119576Z",
      "stabilities": [
        "unstable"
      ],
      "unfree": false,
      "version": "18.8.0",
      "outputs_to_install": [
        "out"
      ],
      "outputs": {
        "out": "/nix/store/0ypm44r0nvm9i8hfaxby4k00kpd9wxyn-atuin-18.8.0"
      },
      "system": "x86_64-darwin",
      "group": "toplevel",
      "priority": 5
    },
    {
      "attr_path": "atuin",
      "broken": false,
      "derivation": "/nix/store/zs067ffcinypnhcvrssfk3gnf17d83lc-atuin-18.8.0.drv",
      "description": "Replacement for a shell history which records additional commands context with optional encrypted synchronization between machines",
      "install_id": "atuin",
      "license": "MIT",
      "locked_url": "https://github.com/flox/nixpkgs?rev=dfb2f12e899db4876308eba6d93455ab7da304cd",
      "name": "atuin-18.8.0",
      "pname": "atuin",
      "rev": "dfb2f12e899db4876308eba6d93455ab7da304cd",
      "rev_count": 853093,
      "rev_date": "2025-08-28T13:12:38Z",
      "scrape_date": "2025-08-30T03:51:37.422753Z",
      "stabilities": [
        "unstable"
      ],
      "unfree": false,
      "version": "18.8.0",
      "outputs_to_install": [
        "out"
      ],
      "outputs": {
        "out": "/nix/store/mdmk3slxrxlbfddh72vq0agbh5fn4afr-atuin-18.8.0"
      },
      "system": "x86_64-linux",
      "group": "toplevel",
      "priority": 5
    },
    {
      "attr_path": "fzf",
      "broken": false,
      "derivation": "/nix/store/frw3i5lm20xb78g430z7b11kvqf4f7im-fzf-0.65.1.drv",
      "description": "Command-line fuzzy finder written in Go",
      "install_id": "fzf",
      "license": "MIT",
      "locked_url": "https://github.com/flox/nixpkgs?rev=dfb2f12e899db4876308eba6d93455ab7da304cd",
      "name": "fzf-0.65.1",
      "pname": "fzf",
      "rev": "dfb2f12e899db4876308eba6d93455ab7da304cd",
      "rev_count": 853093,
      "rev_date": "2025-08-28T13:12:38Z",
      "scrape_date": "2025-08-30T03:28:00.093195Z",
      "stabilities": [
        "unstable"
      ],
      "unfree": false,
      "version": "0.65.1",
      "outputs_to_install": [
        "man",
        "out"
      ],
      "outputs": {
        "man": "/nix/store/d22mf2z47jfdy63q26qbk67sfj0b6i5n-fzf-0.65.1-man",
        "out": "/nix/store/q4ssp6zpa670jjhk8xqs089a82xqb3iz-fzf-0.65.1"
      },
      "system": "aarch64-darwin",
      "group": "toplevel",
      "priority": 5
    },
    {
      "attr_path": "fzf",
      "broken": false,
      "derivation": "/nix/store/njd3zmd2s2b0fd196584kb3asq2l9sy7-fzf-0.65.1.drv",
      "description": "Command-line fuzzy finder written in Go",
      "install_id": "fzf",
      "license": "MIT",
      "locked_url": "https://github.com/flox/nixpkgs?rev=dfb2f12e899db4876308eba6d93455ab7da304cd",
      "name": "fzf-0.65.1",
      "pname": "fzf",
      "rev": "dfb2f12e899db4876308eba6d93455ab7da304cd",
      "rev_count": 853093,
      "rev_date": "2025-08-28T13:12:38Z",
      "scrape_date": "2025-08-30T03:36:13.128682Z",
      "stabilities": [
        "unstable"
      ],
      "unfree": false,
      "version": "0.65.1",
      "outputs_to_install": [
        "man",
        "out"
      ],
      "outputs": {
        "man": "/nix/store/9xfxcaxgphh98dj9g70cr465z9n7bs9s-fzf-0.65.1-man",
        "out": "/nix/store/05bshhz9538vssv09mfq6kya9bcrgxwv-fzf-0.65.1"
      },
      "system": "aarch64-linux",
      "group": "toplevel",
      "priority": 5
    },
    {
      "attr_path": "fzf",
      "broken": false,
      "derivation": "/nix/store/dsc0y4k89i4rrjmxr05na8rb0qaf77mi-fzf-0.65.1.drv",
      "description": "Command-line fuzzy finder written in Go",
      "install_id": "fzf",
      "license": "MIT",
      "locked_url": "https://github.com/flox/nixpkgs?rev=dfb2f12e899db4876308eba6d93455ab7da304cd",
      "name": "fzf-0.65.1",
      "pname": "fzf",
      "rev": "dfb2f12e899db4876308eba6d93455ab7da304cd",
      "rev_count": 853093,
      "rev_date": "2025-08-28T13:12:38Z",
      "scrape_date": "2025-08-30T03:44:14.061455Z",
      "stabilities": [
        "unstable"
      ],
      "unfree": false,
      "version": "0.65.1",
      "outputs_to_install": [
        "man",
        "out"
      ],
      "outputs": {
        "man": "/nix/store/dfvm66n4jagx8wrvi3khjslqb6yqhzfz-fzf-0.65.1-man",
        "out": "/nix/store/7ihrdhpjnzvmh5h1k70cgy0nhkpyllqx-fzf-0.65.1"
      },
      "system": "x86_64-darwin",
      "group": "toplevel",
      "priority": 5
    },
    {
      "attr_path": "fzf",
      "broken": false,
      "derivation": "/nix/store/1z6hxda1y7mbhgqa27y4x92cvlykr275-fzf-0.65.1.drv",
      "description": "Command-line fuzzy finder written in Go",
      "install_id": "fzf",
      "license": "MIT",
      "locked_url": "https://github.com/flox/nixpkgs?rev=dfb2f12e899db4876308eba6d93455ab7da304cd",
      "name": "fzf-0.65.1",
      "pname": "fzf",
      "rev": "dfb2f12e899db4876308eba6d93455ab7da304cd",
      "rev_count": 853093,
      "rev_date": "2025-08-28T13:12:38Z",
      "scrape_date": "2025-08-30T03:51:38.920698Z",
      "stabilities": [
        "unstable"
      ],
      "unfree": false,
      "version": "0.65.1",
      "outputs_to_install": [
        "man",
        "out"
      ],
      "outputs": {
        "man": "/nix/store/ypi1x55xmmw448kax279nd2xqa75hxcp-fzf-0.65.1-man",
        "out": "/nix/store/5q5b65a6zwdjail4waq7dd3r4lyhkjw6-fzf-0.65.1"
      },
      "system": "x86_64-linux",
      "group": "toplevel",
      "priority": 5
    },
    {
      "attr_path": "gh",
      "broken": false,
      "derivation": "/nix/store/8arnv07dwynjhi3sc4ifbxc761yqqjd2-gh-2.78.0.drv",
      "description": "GitHub CLI tool",
      "install_id": "gh",
      "license": "MIT",
      "locked_url": "https://github.com/flox/nixpkgs?rev=dfb2f12e899db4876308eba6d93455ab7da304cd",
      "name": "gh-2.78.0",
      "pname": "gh",
      "rev": "dfb2f12e899db4876308eba6d93455ab7da304cd",
      "rev_count": 853093,
      "rev_date": "2025-08-28T13:12:38Z",
      "scrape_date": "2025-08-30T03:28:00.170140Z",
      "stabilities": [
        "unstable"
      ],
      "unfree": false,
      "version": "2.78.0",
      "outputs_to_install": [
        "out"
      ],
      "outputs": {
        "out": "/nix/store/886src1jhm94xdrllnzz0aww9qmfc50l-gh-2.78.0"
      },
      "system": "aarch64-darwin",
      "group": "toplevel",
      "priority": 5
    },
    {
      "attr_path": "gh",
      "broken": false,
      "derivation": "/nix/store/j383h2gq5kwqrdxjp17xihy3s5shsr63-gh-2.78.0.drv",
      "description": "GitHub CLI tool",
      "install_id": "gh",
      "license": "MIT",
      "locked_url": "https://github.com/flox/nixpkgs?rev=dfb2f12e899db4876308eba6d93455ab7da304cd",
      "name": "gh-2.78.0",
      "pname": "gh",
      "rev": "dfb2f12e899db4876308eba6d93455ab7da304cd",
      "rev_count": 853093,
      "rev_date": "2025-08-28T13:12:38Z",
      "scrape_date": "2025-08-30T03:36:13.249785Z",
      "stabilities": [
        "unstable"
      ],
      "unfree": false,
      "version": "2.78.0",
      "outputs_to_install": [
        "out"
      ],
      "outputs": {
        "out": "/nix/store/fj5v9hzpzr9jvcpb4d1zqlsacll9n2mp-gh-2.78.0"
      },
      "system": "aarch64-linux",
      "group": "toplevel",
      "priority": 5
    },
    {
      "attr_path": "gh",
      "broken": false,
      "derivation": "/nix/store/j2j15dll0pg12qghz43kikds95hkq7rk-gh-2.78.0.drv",
      "description": "GitHub CLI tool",
      "install_id": "gh",
      "license": "MIT",
      "locked_url": "https://github.com/flox/nixpkgs?rev=dfb2f12e899db4876308eba6d93455ab7da304cd",
      "name": "gh-2.78.0",
      "pname": "gh",
      "rev": "dfb2f12e899db4876308eba6d93455ab7da304cd",
      "rev_count": 853093,
      "rev_date": "2025-08-28T13:12:38Z",
      "scrape_date": "2025-08-30T03:44:14.141718Z",
      "stabilities": [
        "unstable"
      ],
      "unfree": false,
      "version": "2.78.0",
      "outputs_to_install": [
        "out"
      ],
      "outputs": {
        "out": "/nix/store/sfpszlvhvlh9alfjfdv4dn5acjalihnl-gh-2.78.0"
      },
      "system": "x86_64-darwin",
      "group": "toplevel",
      "priority": 5
    },
    {
      "attr_path": "gh",
      "broken": false,
      "derivation": "/nix/store/bknn8xxqbaiplbzg0mjnmghbg5fvsm87-gh-2.78.0.drv",
      "description": "GitHub CLI tool",
      "install_id": "gh",
      "license": "MIT",
      "locked_url": "https://github.com/flox/nixpkgs?rev=dfb2f12e899db4876308eba6d93455ab7da304cd",
      "name": "gh-2.78.0",
      "pname": "gh",
      "rev": "dfb2f12e899db4876308eba6d93455ab7da304cd",
      "rev_count": 853093,
      "rev_date": "2025-08-28T13:12:38Z",
      "scrape_date": "2025-08-30T03:51:39.051273Z",
      "stabilities": [
        "unstable"
      ],
      "unfree": false,
      "version": "2.78.0",
      "outputs_to_install": [
        "out"
      ],
      "outputs": {
        "out": "/nix/store/2dpvjfrvc4h2b67ji259xrja5ggh4f17-gh-2.78.0"
      },
      "system": "x86_64-linux",
      "group": "toplevel",
      "priority": 5
    },
    {
      "attr_path": "git",
      "broken": false,
      "derivation": "/nix/store/my37053qlsn20agd4gngw3akvvkj8ycn-git-2.50.1.drv",
      "description": "Distributed version control system",
      "install_id": "git",
      "license": "GPL-2.0",
      "locked_url": "https://github.com/flox/nixpkgs?rev=dfb2f12e899db4876308eba6d93455ab7da304cd",
      "name": "git-2.50.1",
      "pname": "git",
      "rev": "dfb2f12e899db4876308eba6d93455ab7da304cd",
      "rev_count": 853093,
      "rev_date": "2025-08-28T13:12:38Z",
      "scrape_date": "2025-08-30T03:28:00.198719Z",
      "stabilities": [
        "unstable"
      ],
      "unfree": false,
      "version": "2.50.1",
      "outputs_to_install": [
        "out"
      ],
      "outputs": {
        "doc": "/nix/store/36rqvcm3q9jdbzysr6x6si9i15yyy9yh-git-2.50.1-doc",
        "out": "/nix/store/56avrmkafl3ymr5azsgx4lagzrhc79nd-git-2.50.1"
      },
      "system": "aarch64-darwin",
      "group": "toplevel",
      "priority": 5
    },
    {
      "attr_path": "git",
      "broken": false,
      "derivation": "/nix/store/46mhgflpndhr99rccamikg7pjwknxylg-git-2.50.1.drv",
      "description": "Distributed version control system",
      "install_id": "git",
      "license": "GPL-2.0",
      "locked_url": "https://github.com/flox/nixpkgs?rev=dfb2f12e899db4876308eba6d93455ab7da304cd",
      "name": "git-2.50.1",
      "pname": "git",
      "rev": "dfb2f12e899db4876308eba6d93455ab7da304cd",
      "rev_count": 853093,
      "rev_date": "2025-08-28T13:12:38Z",
      "scrape_date": "2025-08-30T03:36:13.294660Z",
      "stabilities": [
        "unstable"
      ],
      "unfree": false,
      "version": "2.50.1",
      "outputs_to_install": [
        "out"
      ],
      "outputs": {
        "debug": "/nix/store/ln77l8pbk2gyvavr0lgb45xq4i4y5f2p-git-2.50.1-debug",
        "doc": "/nix/store/i8gjlj5vpcllwpkw53lzxl2wa8j7vlld-git-2.50.1-doc",
        "out": "/nix/store/jpadzfxc9zz3cacng4wlyn6vzhgf3mga-git-2.50.1"
      },
      "system": "aarch64-linux",
      "group": "toplevel",
      "priority": 5
    },
    {
      "attr_path": "git",
      "broken": false,
      "derivation": "/nix/store/asmf27ybgmdfkmgn1vrfl87g0havppnk-git-2.50.1.drv",
      "description": "Distributed version control system",
      "install_id": "git",
      "license": "GPL-2.0",
      "locked_url": "https://github.com/flox/nixpkgs?rev=dfb2f12e899db4876308eba6d93455ab7da304cd",
      "name": "git-2.50.1",
      "pname": "git",
      "rev": "dfb2f12e899db4876308eba6d93455ab7da304cd",
      "rev_count": 853093,
      "rev_date": "2025-08-28T13:12:38Z",
      "scrape_date": "2025-08-30T03:44:14.172693Z",
      "stabilities": [
        "unstable"
      ],
      "unfree": false,
      "version": "2.50.1",
      "outputs_to_install": [
        "out"
      ],
      "outputs": {
        "doc": "/nix/store/axw33im2q7q6bi3j8cbhi139n9k1q9zb-git-2.50.1-doc",
        "out": "/nix/store/h32rn7zl7ac3jl0iidf7ll3rwj81961x-git-2.50.1"
      },
      "system": "x86_64-darwin",
      "group": "toplevel",
      "priority": 5
    },
    {
      "attr_path": "git",
      "broken": false,
      "derivation": "/nix/store/s9ilqag44931jnwrazwrha1ql5cfahq4-git-2.50.1.drv",
      "description": "Distributed version control system",
      "install_id": "git",
      "license": "GPL-2.0",
      "locked_url": "https://github.com/flox/nixpkgs?rev=dfb2f12e899db4876308eba6d93455ab7da304cd",
      "name": "git-2.50.1",
      "pname": "git",
      "rev": "dfb2f12e899db4876308eba6d93455ab7da304cd",
      "rev_count": 853093,
      "rev_date": "2025-08-28T13:12:38Z",
      "scrape_date": "2025-08-30T03:51:39.097730Z",
      "stabilities": [
        "unstable"
      ],
      "unfree": false,
      "version": "2.50.1",
      "outputs_to_install": [
        "out"
      ],
      "outputs": {
        "debug": "/nix/store/xipypc58mgavflc7am3m28sk9hpczwf6-git-2.50.1-debug",
        "doc": "/nix/store/64fvclm5bwrp7zff8wa3cl8z6lhczc9s-git-2.50.1-doc",
        "out": "/nix/store/zhv8ib8y1zfi76afddfnp8fmm562bgaa-git-2.50.1"
      },
      "system": "x86_64-linux",
      "group": "toplevel",
      "priority": 5
    },
    {
      "attr_path": "jq",
      "broken": false,
      "derivation": "/nix/store/zqd2z3fa48zr98qhddyj5wlk031wh0kq-jq-1.8.1.drv",
      "description": "Lightweight and flexible command-line JSON processor",
      "install_id": "jq",
      "license": "MIT",
      "locked_url": "https://github.com/flox/nixpkgs?rev=dfb2f12e899db4876308eba6d93455ab7da304cd",
      "name": "jq-1.8.1",
      "pname": "jq",
      "rev": "dfb2f12e899db4876308eba6d93455ab7da304cd",
      "rev_count": 853093,
      "rev_date": "2025-08-28T13:12:38Z",
      "scrape_date": "2025-08-30T03:28:00.966759Z",
      "stabilities": [
        "unstable"
      ],
      "unfree": false,
      "version": "1.8.1",
      "outputs_to_install": [
        "bin",
        "man"
      ],
      "outputs": {
        "bin": "/nix/store/w58c3ip3177vib3zwnmnjk5q62hvfjqz-jq-1.8.1-bin",
        "dev": "/nix/store/6s1b8zijf2da8z9almmbj03q3cvsxfj9-jq-1.8.1-dev",
        "doc": "/nix/store/jm4vj77050w20j6yvdqs2v1m1rijfxm4-jq-1.8.1-doc",
        "man": "/nix/store/fsmvyf3jillx23yva2s0x6a3sqaikn6p-jq-1.8.1-man",
        "out": "/nix/store/6daa29j12p685v0hjjvpmgyaw7s1ki1c-jq-1.8.1"
      },
      "system": "aarch64-darwin",
      "group": "toplevel",
      "priority": 5
    },
    {
      "attr_path": "jq",
      "broken": false,
      "derivation": "/nix/store/n7mssqkgfcw2pavpm8sixviz9mc828nl-jq-1.8.1.drv",
      "description": "Lightweight and flexible command-line JSON processor",
      "install_id": "jq",
      "license": "MIT",
      "locked_url": "https://github.com/flox/nixpkgs?rev=dfb2f12e899db4876308eba6d93455ab7da304cd",
      "name": "jq-1.8.1",
      "pname": "jq",
      "rev": "dfb2f12e899db4876308eba6d93455ab7da304cd",
      "rev_count": 853093,
      "rev_date": "2025-08-28T13:12:38Z",
      "scrape_date": "2025-08-30T03:36:15.471216Z",
      "stabilities": [
        "unstable"
      ],
      "unfree": false,
      "version": "1.8.1",
      "outputs_to_install": [
        "bin",
        "man"
      ],
      "outputs": {
        "bin": "/nix/store/wj8p5vi36byghrql6bnf0gpihg3svvfs-jq-1.8.1-bin",
        "dev": "/nix/store/sy1c0mn7i252q0fl4sb7wi9pmmh3i62w-jq-1.8.1-dev",
        "doc": "/nix/store/9qsajlyf8z3a6v3bj2rs7jgrf5ak62if-jq-1.8.1-doc",
        "man": "/nix/store/434b433il6zpfqm9rh186s53zrciabzl-jq-1.8.1-man",
        "out": "/nix/store/p4wg89cb7cp3y7nhg5yr9az5jq3yb8zb-jq-1.8.1"
      },
      "system": "aarch64-linux",
      "group": "toplevel",
      "priority": 5
    },
    {
      "attr_path": "jq",
      "broken": false,
      "derivation": "/nix/store/4q8k2k8r2l0wj262pdx16cl4rqyjjjaj-jq-1.8.1.drv",
      "description": "Lightweight and flexible command-line JSON processor",
      "install_id": "jq",
      "license": "MIT",
      "locked_url": "https://github.com/flox/nixpkgs?rev=dfb2f12e899db4876308eba6d93455ab7da304cd",
      "name": "jq-1.8.1",
      "pname": "jq",
      "rev": "dfb2f12e899db4876308eba6d93455ab7da304cd",
      "rev_count": 853093,
      "rev_date": "2025-08-28T13:12:38Z",
      "scrape_date": "2025-08-30T03:44:14.985470Z",
      "stabilities": [
        "unstable"
      ],
      "unfree": false,
      "version": "1.8.1",
      "outputs_to_install": [
        "bin",
        "man"
      ],
      "outputs": {
        "bin": "/nix/store/w3r19qhq4fbial36vj6j4zdmckqv1m2j-jq-1.8.1-bin",
        "dev": "/nix/store/bnh7l9iy9h71q75chqaz0x9fa6dy0084-jq-1.8.1-dev",
        "doc": "/nix/store/lyj62ahnpzcv1d9k09j8k0bi3npzy7zd-jq-1.8.1-doc",
        "man": "/nix/store/3h0n4p1177z5lj0dsc833zj2ddw4a0hz-jq-1.8.1-man",
        "out": "/nix/store/z6088a44wiz7c1kna3kg16293i1pagmh-jq-1.8.1"
      },
      "system": "x86_64-darwin",
      "group": "toplevel",
      "priority": 5
    },
    {
      "attr_path": "jq",
      "broken": false,
      "derivation": "/nix/store/p5wq44q07ypfv051rcg6y06s8rcpa3n0-jq-1.8.1.drv",
      "description": "Lightweight and flexible command-line JSON processor",
      "install_id": "jq",
      "license": "MIT",
      "locked_url": "https://github.com/flox/nixpkgs?rev=dfb2f12e899db4876308eba6d93455ab7da304cd",
      "name": "jq-1.8.1",
      "pname": "jq",
      "rev": "dfb2f12e899db4876308eba6d93455ab7da304cd",
      "rev_count": 853093,
      "rev_date": "2025-08-28T13:12:38Z",
      "scrape_date": "2025-08-30T03:51:41.505468Z",
      "stabilities": [
        "unstable"
      ],
      "unfree": false,
      "version": "1.8.1",
      "outputs_to_install": [
        "bin",
        "man"
      ],
      "outputs": {
        "bin": "/nix/store/zjl3cfsqvwiz2g943sm15n1gghv793m3-jq-1.8.1-bin",
        "dev": "/nix/store/584l6a129xvxbjkz724ny5fnv9xl09sb-jq-1.8.1-dev",
        "doc": "/nix/store/rxa10gksvxczsq4ffi74xpkqy2sivcw6-jq-1.8.1-doc",
        "man": "/nix/store/xvv5ss0sb0y0bfi7m19smls37afsxmvi-jq-1.8.1-man",
        "out": "/nix/store/glvwssbdc7czjxb7nc4s0lmxacirw277-jq-1.8.1"
      },
      "system": "x86_64-linux",
      "group": "toplevel",
      "priority": 5
    },
    {
      "attr_path": "neovim",
      "broken": false,
      "derivation": "/nix/store/8srzalpcvs8iqbxlhdggr5il2cwfki9x-neovim-0.11.3.drv",
      "description": "Vim text editor fork focused on extensibility and agility",
      "install_id": "neovim",
      "license": "[ Apache-2.0, Vim ]",
      "locked_url": "https://github.com/flox/nixpkgs?rev=dfb2f12e899db4876308eba6d93455ab7da304cd",
      "name": "neovim-0.11.3",
      "pname": "neovim",
      "rev": "dfb2f12e899db4876308eba6d93455ab7da304cd",
      "rev_count": 853093,
      "rev_date": "2025-08-28T13:12:38Z",
      "scrape_date": "2025-08-30T03:28:03.335108Z",
      "stabilities": [
        "unstable"
      ],
      "unfree": false,
      "version": "0.11.3",
      "outputs_to_install": [
        "out"
      ],
      "outputs": {
        "out": "/nix/store/nyvirvf6nlnfypizplbrx90bycrrza90-neovim-0.11.3"
      },
      "system": "aarch64-darwin",
      "group": "toplevel",
      "priority": 5
    },
    {
      "attr_path": "neovim",
      "broken": false,
      "derivation": "/nix/store/5754fvhb9ip60v1sfsziw4yb0nd1cil6-neovim-0.11.3.drv",
      "description": "Vim text editor fork focused on extensibility and agility",
      "install_id": "neovim",
      "license": "[ Apache-2.0, Vim ]",
      "locked_url": "https://github.com/flox/nixpkgs?rev=dfb2f12e899db4876308eba6d93455ab7da304cd",
      "name": "neovim-0.11.3",
      "pname": "neovim",
      "rev": "dfb2f12e899db4876308eba6d93455ab7da304cd",
      "rev_count": 853093,
      "rev_date": "2025-08-28T13:12:38Z",
      "scrape_date": "2025-08-30T03:36:22.866912Z",
      "stabilities": [
        "unstable"
      ],
      "unfree": false,
      "version": "0.11.3",
      "outputs_to_install": [
        "out"
      ],
      "outputs": {
        "out": "/nix/store/4rm8azzry7s0dk9qm721vl8dpfj01xhg-neovim-0.11.3"
      },
      "system": "aarch64-linux",
      "group": "toplevel",
      "priority": 5
    },
    {
      "attr_path": "neovim",
      "broken": false,
      "derivation": "/nix/store/0jx76mn004bg7gbcxa6b2ix8x5aaz0q0-neovim-0.11.3.drv",
      "description": "Vim text editor fork focused on extensibility and agility",
      "install_id": "neovim",
      "license": "[ Apache-2.0, Vim ]",
      "locked_url": "https://github.com/flox/nixpkgs?rev=dfb2f12e899db4876308eba6d93455ab7da304cd",
      "name": "neovim-0.11.3",
      "pname": "neovim",
      "rev": "dfb2f12e899db4876308eba6d93455ab7da304cd",
      "rev_count": 853093,
      "rev_date": "2025-08-28T13:12:38Z",
      "scrape_date": "2025-08-30T03:44:17.461382Z",
      "stabilities": [
        "unstable"
      ],
      "unfree": false,
      "version": "0.11.3",
      "outputs_to_install": [
        "out"
      ],
      "outputs": {
        "out": "/nix/store/v75k9q9fz0xbpgr21lgwrd1p5iix77sv-neovim-0.11.3"
      },
      "system": "x86_64-darwin",
      "group": "toplevel",
      "priority": 5
    },
    {
      "attr_path": "neovim",
      "broken": false,
      "derivation": "/nix/store/01v75bwbfjv35pdy5634iczqa9nvby8q-neovim-0.11.3.drv",
      "description": "Vim text editor fork focused on extensibility and agility",
      "install_id": "neovim",
      "license": "[ Apache-2.0, Vim ]",
      "locked_url": "https://github.com/flox/nixpkgs?rev=dfb2f12e899db4876308eba6d93455ab7da304cd",
      "name": "neovim-0.11.3",
      "pname": "neovim",
      "rev": "dfb2f12e899db4876308eba6d93455ab7da304cd",
      "rev_count": 853093,
      "rev_date": "2025-08-28T13:12:38Z",
      "scrape_date": "2025-08-30T03:51:50.705066Z",
      "stabilities": [
        "unstable"
      ],
      "unfree": false,
      "version": "0.11.3",
      "outputs_to_install": [
        "out"
      ],
      "outputs": {
        "out": "/nix/store/0085qj6jgmxbjz8y4q8rkgmzv2nxygpa-neovim-0.11.3"
      },
      "system": "x86_64-linux",
      "group": "toplevel",
      "priority": 5
    },
    {
      "attr_path": "ripgrep",
      "broken": false,
      "derivation": "/nix/store/59gq517g88imjyrm5lnsqbwdzawk6ir5-ripgrep-14.1.1.drv",
      "description": "Utility that combines the usability of The Silver Searcher with the raw speed of grep",
      "install_id": "ripgrep",
      "license": "[ Unlicense, MIT ]",
      "locked_url": "https://github.com/flox/nixpkgs?rev=dfb2f12e899db4876308eba6d93455ab7da304cd",
      "name": "ripgrep-14.1.1",
      "pname": "ripgrep",
      "rev": "dfb2f12e899db4876308eba6d93455ab7da304cd",
      "rev_count": 853093,
      "rev_date": "2025-08-28T13:12:38Z",
      "scrape_date": "2025-08-30T03:28:41.478284Z",
      "stabilities": [
        "unstable"
      ],
      "unfree": false,
      "version": "14.1.1",
      "outputs_to_install": [
        "out"
      ],
      "outputs": {
        "out": "/nix/store/f1mq88j7hmpq7m4rrrw0mwf8pchzscj5-ripgrep-14.1.1"
      },
      "system": "aarch64-darwin",
      "group": "toplevel",
      "priority": 5
    },
    {
      "attr_path": "ripgrep",
      "broken": false,
      "derivation": "/nix/store/0nr3v4bklycz0hyfmlgk3m695z7i4shw-ripgrep-14.1.1.drv",
      "description": "Utility that combines the usability of The Silver Searcher with the raw speed of grep",
      "install_id": "ripgrep",
      "license": "[ Unlicense, MIT ]",
      "locked_url": "https://github.com/flox/nixpkgs?rev=dfb2f12e899db4876308eba6d93455ab7da304cd",
      "name": "ripgrep-14.1.1",
      "pname": "ripgrep",
      "rev": "dfb2f12e899db4876308eba6d93455ab7da304cd",
      "rev_count": 853093,
      "rev_date": "2025-08-28T13:12:38Z",
      "scrape_date": "2025-08-30T03:37:17.762175Z",
      "stabilities": [
        "unstable"
      ],
      "unfree": false,
      "version": "14.1.1",
      "outputs_to_install": [
        "out"
      ],
      "outputs": {
        "out": "/nix/store/dvyl7v1ky7137pzcz6l4hxsbf3hzi0bv-ripgrep-14.1.1"
      },
      "system": "aarch64-linux",
      "group": "toplevel",
      "priority": 5
    },
    {
      "attr_path": "ripgrep",
      "broken": false,
      "derivation": "/nix/store/9hrrwhq0310yqx4r2jfzvm6y0ghxqs35-ripgrep-14.1.1.drv",
      "description": "Utility that combines the usability of The Silver Searcher with the raw speed of grep",
      "install_id": "ripgrep",
      "license": "[ Unlicense, MIT ]",
      "locked_url": "https://github.com/flox/nixpkgs?rev=dfb2f12e899db4876308eba6d93455ab7da304cd",
      "name": "ripgrep-14.1.1",
      "pname": "ripgrep",
      "rev": "dfb2f12e899db4876308eba6d93455ab7da304cd",
      "rev_count": 853093,
      "rev_date": "2025-08-28T13:12:38Z",
      "scrape_date": "2025-08-30T03:44:58.652380Z",
      "stabilities": [
        "unstable"
      ],
      "unfree": false,
      "version": "14.1.1",
      "outputs_to_install": [
        "out"
      ],
      "outputs": {
        "out": "/nix/store/wnk8af4pnsm1j85cby98c08cv5b7wzq9-ripgrep-14.1.1"
      },
      "system": "x86_64-darwin",
      "group": "toplevel",
      "priority": 5
    },
    {
      "attr_path": "ripgrep",
      "broken": false,
      "derivation": "/nix/store/m01513v0gmsc0xd7q751j1zmsmk09jnl-ripgrep-14.1.1.drv",
      "description": "Utility that combines the usability of The Silver Searcher with the raw speed of grep",
      "install_id": "ripgrep",
      "license": "[ Unlicense, MIT ]",
      "locked_url": "https://github.com/flox/nixpkgs?rev=dfb2f12e899db4876308eba6d93455ab7da304cd",
      "name": "ripgrep-14.1.1",
      "pname": "ripgrep",
      "rev": "dfb2f12e899db4876308eba6d93455ab7da304cd",
      "rev_count": 853093,
      "rev_date": "2025-08-28T13:12:38Z",
      "scrape_date": "2025-08-30T03:52:54.636477Z",
      "stabilities": [
        "unstable"
      ],
      "unfree": false,
      "version": "14.1.1",
      "outputs_to_install": [
        "out"
      ],
      "outputs": {
        "out": "/nix/store/3l2py06rfi6idf6dv1s0dkp0lqsw4b5s-ripgrep-14.1.1"
      },
      "system": "x86_64-linux",
      "group": "toplevel",
      "priority": 5
    },
    {
      "attr_path": "tldr",
      "broken": false,
      "derivation": "/nix/store/wi8fd4p16ljwk7yklmj7nxw012cc4nha-tldr-3.3.0.drv",
      "description": "Simplified and community-driven man pages",
      "install_id": "tldr",
      "license": "MIT",
      "locked_url": "https://github.com/flox/nixpkgs?rev=dfb2f12e899db4876308eba6d93455ab7da304cd",
      "name": "tldr-3.3.0",
      "pname": "tldr",
      "rev": "dfb2f12e899db4876308eba6d93455ab7da304cd",
      "rev_count": 853093,
      "rev_date": "2025-08-28T13:12:38Z",
      "scrape_date": "2025-08-30T03:29:12.552455Z",
      "stabilities": [
        "unstable"
      ],
      "unfree": false,
      "version": "3.3.0",
      "outputs_to_install": [
        "out"
      ],
      "outputs": {
        "dist": "/nix/store/y0nrdw5k25gzs6gnglwxa5jqr38ksmay-tldr-3.3.0-dist",
        "out": "/nix/store/4cgfgm19v3pg5w23w2fylb9w3nzzhksg-tldr-3.3.0"
      },
      "system": "aarch64-darwin",
      "group": "toplevel",
      "priority": 5
    },
    {
      "attr_path": "tldr",
      "broken": false,
      "derivation": "/nix/store/wdb1z0ajjj54rrif1wffqswj41b875jh-tldr-3.3.0.drv",
      "description": "Simplified and community-driven man pages",
      "install_id": "tldr",
      "license": "MIT",
      "locked_url": "https://github.com/flox/nixpkgs?rev=dfb2f12e899db4876308eba6d93455ab7da304cd",
      "name": "tldr-3.3.0",
      "pname": "tldr",
      "rev": "dfb2f12e899db4876308eba6d93455ab7da304cd",
      "rev_count": 853093,
      "rev_date": "2025-08-28T13:12:38Z",
      "scrape_date": "2025-08-30T03:37:58.251679Z",
      "stabilities": [
        "unstable"
      ],
      "unfree": false,
      "version": "3.3.0",
      "outputs_to_install": [
        "out"
      ],
      "outputs": {
        "dist": "/nix/store/kcxfa9zs87j66xq83q0i2i9hkcczk18d-tldr-3.3.0-dist",
        "out": "/nix/store/4z3avm9nhvn7kcmlq0k82zr292d2cbwl-tldr-3.3.0"
      },
      "system": "aarch64-linux",
      "group": "toplevel",
      "priority": 5
    },
    {
      "attr_path": "tldr",
      "broken": false,
      "derivation": "/nix/store/m2bws2dkkq1plw7gxag23g3x7nmwfhfb-tldr-3.3.0.drv",
      "description": "Simplified and community-driven man pages",
      "install_id": "tldr",
      "license": "MIT",
      "locked_url": "https://github.com/flox/nixpkgs?rev=dfb2f12e899db4876308eba6d93455ab7da304cd",
      "name": "tldr-3.3.0",
      "pname": "tldr",
      "rev": "dfb2f12e899db4876308eba6d93455ab7da304cd",
      "rev_count": 853093,
      "rev_date": "2025-08-28T13:12:38Z",
      "scrape_date": "2025-08-30T03:45:33.831995Z",
      "stabilities": [
        "unstable"
      ],
      "unfree": false,
      "version": "3.3.0",
      "outputs_to_install": [
        "out"
      ],
      "outputs": {
        "dist": "/nix/store/x8hkl42c2ihgd7h3w0ljcvn49ikckjrn-tldr-3.3.0-dist",
        "out": "/nix/store/fd80j9wbbmz7zdqj4vqjrm8qvwi2y02j-tldr-3.3.0"
      },
      "system": "x86_64-darwin",
      "group": "toplevel",
      "priority": 5
    },
    {
      "attr_path": "tldr",
      "broken": false,
      "derivation": "/nix/store/bhqgnqvfrksg7fasfsrm047kfp1rpm3w-tldr-3.3.0.drv",
      "description": "Simplified and community-driven man pages",
      "install_id": "tldr",
      "license": "MIT",
      "locked_url": "https://github.com/flox/nixpkgs?rev=dfb2f12e899db4876308eba6d93455ab7da304cd",
      "name": "tldr-3.3.0",
      "pname": "tldr",
      "rev": "dfb2f12e899db4876308eba6d93455ab7da304cd",
      "rev_count": 853093,
      "rev_date": "2025-08-28T13:12:38Z",
      "scrape_date": "2025-08-30T03:53:42.850113Z",
      "stabilities": [
        "unstable"
      ],
      "unfree": false,
      "version": "3.3.0",
      "outputs_to_install": [
        "out"
      ],
      "outputs": {
        "dist": "/nix/store/j9mp979smpal407zb1gz2yl9z40bnahg-tldr-3.3.0-dist",
        "out": "/nix/store/p3ml9c2a616iifs7ps7rzbbfa95q0v9w-tldr-3.3.0"
      },
      "system": "x86_64-linux",
      "group": "toplevel",
      "priority": 5
    },
    {
      "attr_path": "tree",
      "broken": false,
      "derivation": "/nix/store/bjrkqidcd5r7af2r2i122lfprxqzapvv-tree-2.2.1.drv",
      "description": "Command to produce a depth indented directory listing",
      "install_id": "tree",
      "license": "GPL-2.0-or-later",
      "locked_url": "https://github.com/flox/nixpkgs?rev=dfb2f12e899db4876308eba6d93455ab7da304cd",
      "name": "tree-2.2.1",
      "pname": "tree",
      "rev": "dfb2f12e899db4876308eba6d93455ab7da304cd",
      "rev_count": 853093,
      "rev_date": "2025-08-28T13:12:38Z",
      "scrape_date": "2025-08-30T03:29:13.099570Z",
      "stabilities": [
        "unstable"
      ],
      "unfree": false,
      "version": "2.2.1",
      "outputs_to_install": [
        "out"
      ],
      "outputs": {
        "out": "/nix/store/rxsviz6cj1k7f9xyjwqc612q9wfjn92n-tree-2.2.1"
      },
      "system": "aarch64-darwin",
      "group": "toplevel",
      "priority": 5
    },
    {
      "attr_path": "tree",
      "broken": false,
      "derivation": "/nix/store/8m0hzbf3hm9ppvalcfigm2hrp3ssccry-tree-2.2.1.drv",
      "description": "Command to produce a depth indented directory listing",
      "install_id": "tree",
      "license": "GPL-2.0-or-later",
      "locked_url": "https://github.com/flox/nixpkgs?rev=dfb2f12e899db4876308eba6d93455ab7da304cd",
      "name": "tree-2.2.1",
      "pname": "tree",
      "rev": "dfb2f12e899db4876308eba6d93455ab7da304cd",
      "rev_count": 853093,
      "rev_date": "2025-08-28T13:12:38Z",
      "scrape_date": "2025-08-30T03:37:59.135523Z",
      "stabilities": [
        "unstable"
      ],
      "unfree": false,
      "version": "2.2.1",
      "outputs_to_install": [
        "out"
      ],
      "outputs": {
        "out": "/nix/store/y5n5pnxlynlvqcy499cr9x7i7sj2hrv5-tree-2.2.1"
      },
      "system": "aarch64-linux",
      "group": "toplevel",
      "priority": 5
    },
    {
      "attr_path": "tree",
      "broken": false,
      "derivation": "/nix/store/jqr86lwnydqjhvagkv96xhv3h80h5h31-tree-2.2.1.drv",
      "description": "Command to produce a depth indented directory listing",
      "install_id": "tree",
      "license": "GPL-2.0-or-later",
      "locked_url": "https://github.com/flox/nixpkgs?rev=dfb2f12e899db4876308eba6d93455ab7da304cd",
      "name": "tree-2.2.1",
      "pname": "tree",
      "rev": "dfb2f12e899db4876308eba6d93455ab7da304cd",
      "rev_count": 853093,
      "rev_date": "2025-08-28T13:12:38Z",
      "scrape_date": "2025-08-30T03:45:34.463092Z",
      "stabilities": [
        "unstable"
      ],
      "unfree": false,
      "version": "2.2.1",
      "outputs_to_install": [
        "out"
      ],
      "outputs": {
        "out": "/nix/store/f2wxmrqn9b89agr645f70zida0qlip9s-tree-2.2.1"
      },
      "system": "x86_64-darwin",
      "group": "toplevel",
      "priority": 5
    },
    {
      "attr_path": "tree",
      "broken": false,
      "derivation": "/nix/store/x2dmb0zqcribkh0my1hzr1kkzwwjpbbl-tree-2.2.1.drv",
      "description": "Command to produce a depth indented directory listing",
      "install_id": "tree",
      "license": "GPL-2.0-or-later",
      "locked_url": "https://github.com/flox/nixpkgs?rev=dfb2f12e899db4876308eba6d93455ab7da304cd",
      "name": "tree-2.2.1",
      "pname": "tree",
      "rev": "dfb2f12e899db4876308eba6d93455ab7da304cd",
      "rev_count": 853093,
      "rev_date": "2025-08-28T13:12:38Z",
      "scrape_date": "2025-08-30T03:53:43.904883Z",
      "stabilities": [
        "unstable"
      ],
      "unfree": false,
      "version": "2.2.1",
      "outputs_to_install": [
        "out"
      ],
      "outputs": {
        "out": "/nix/store/rlj91vpjazb21188jindxqp7phca7n2y-tree-2.2.1"
      },
      "system": "x86_64-linux",
      "group": "toplevel",
      "priority": 5
    }
  ]
}