{
  "lockfile-version": 1,
  "manifest": {
    "version": 1,
    "install": {
      "atuin": {
        "pkg-path": "atuin"
      },
      "fzf": {
        "pkg-path": "fzf"
      },
      "gh": {
        "pkg-path": "gh"
      },
      "git": {
        "pkg-path": "git"
      },
      "jq": {
        "pkg-path": "jq"
      },
      "neovim": {
        "pkg-path": "neovim"
      },
      "ripgrep": {
        "pkg-path": "ripgrep"
      },
      "tree": {
        "pkg-path": "tree"
      }
    },
    "hook": {},
    "profile": {},
    "options": {
      "systems": [
        "aarch64-darwin",
        "aarch64-linux",
        "x86_64-darwin",
        "x86_64-linux"
      ],
      "activate": {
        "mode": "run"
      }
    }
  },
  "packages": [
    {
      "attr_path": "atuin",
      "broken": false,
      "derivation": "/nix/store/6azmxxd08n6wnl29a376kakzsayi6w5a-atuin-18.6.1.drv",
      "description": "Replacement for a shell history which records additional commands context with optional encrypted synchronization between machines",
      "install_id": "atuin",
      "license": "MIT",
      "locked_url": "https://github.com/flox/nixpkgs?rev=6e987485eb2c77e5dcc5af4e3c70843711ef9251",
      "name": "atuin-18.6.1",
      "pname": "atuin",
      "rev": "6e987485eb2c77e5dcc5af4e3c70843711ef9251",
      "rev_count": 831064,
      "rev_date": "2025-07-16T17:35:22Z",
      "scrape_date": "2025-07-19T00:32:23.722188Z",
      "stabilities": [
        "unstable"
      ],
      "unfree": false,
      "version": "18.6.1",
      "outputs_to_install": [
        "out"
      ],
      "outputs": {
        "out": "/nix/store/xx775jppl27bzy1xsl2bjd6c5qzh9zcd-atuin-18.6.1"
      },
      "system": "aarch64-darwin",
      "group": "toplevel",
      "priority": 5
    },
    {
      "attr_path": "atuin",
      "broken": false,
      "derivation": "/nix/store/9b6ql1nzdcr799gid0dbxjqlan06yk3c-atuin-18.6.1.drv",
      "description": "Replacement for a shell history which records additional commands context with optional encrypted synchronization between machines",
      "install_id": "atuin",
      "license": "MIT",
      "locked_url": "https://github.com/flox/nixpkgs?rev=6e987485eb2c77e5dcc5af4e3c70843711ef9251",
      "name": "atuin-18.6.1",
      "pname": "atuin",
      "rev": "6e987485eb2c77e5dcc5af4e3c70843711ef9251",
      "rev_count": 831064,
      "rev_date": "2025-07-16T17:35:22Z",
      "scrape_date": "2025-07-19T00:58:02.501737Z",
      "stabilities": [
        "unstable"
      ],
      "unfree": false,
      "version": "18.6.1",
      "outputs_to_install": [
        "out"
      ],
      "outputs": {
        "out": "/nix/store/3wjgscrrnhjslxiib1s8h9s48xnwkp41-atuin-18.6.1"
      },
      "system": "aarch64-linux",
      "group": "toplevel",
      "priority": 5
    },
    {
      "attr_path": "atuin",
      "broken": false,
      "derivation": "/nix/store/rzh0g6kh238294gghdi5p3bw8af2zrb3-atuin-18.6.1.drv",
      "description": "Replacement for a shell history which records additional commands context with optional encrypted synchronization between machines",
      "install_id": "atuin",
      "license": "MIT",
      "locked_url": "https://github.com/flox/nixpkgs?rev=6e987485eb2c77e5dcc5af4e3c70843711ef9251",
      "name": "atuin-18.6.1",
      "pname": "atuin",
      "rev": "6e987485eb2c77e5dcc5af4e3c70843711ef9251",
      "rev_count": 831064,
      "rev_date": "2025-07-16T17:35:22Z",
      "scrape_date": "2025-07-19T01:21:11.463058Z",
      "stabilities": [
        "unstable"
      ],
      "unfree": false,
      "version": "18.6.1",
      "outputs_to_install": [
        "out"
      ],
      "outputs": {
        "out": "/nix/store/d11fn56brki5badpxnzil6s1wh8zymwj-atuin-18.6.1"
      },
      "system": "x86_64-darwin",
      "group": "toplevel",
      "priority": 5
    },
    {
      "attr_path": "atuin",
      "broken": false,
      "derivation": "/nix/store/j82682a0r9cgmgc12mwr5yn09nzwk3vj-atuin-18.6.1.drv",
      "description": "Replacement for a shell history which records additional commands context with optional encrypted synchronization between machines",
      "install_id": "atuin",
      "license": "MIT",
      "locked_url": "https://github.com/flox/nixpkgs?rev=6e987485eb2c77e5dcc5af4e3c70843711ef9251",
      "name": "atuin-18.6.1",
      "pname": "atuin",
      "rev": "6e987485eb2c77e5dcc5af4e3c70843711ef9251",
      "rev_count": 831064,
      "rev_date": "2025-07-16T17:35:22Z",
      "scrape_date": "2025-07-19T01:48:22.365855Z",
      "stabilities": [
        "unstable"
      ],
      "unfree": false,
      "version": "18.6.1",
      "outputs_to_install": [
        "out"
      ],
      "outputs": {
        "out": "/nix/store/znfl48hw26zdnhzl76knssxa4jqjarkg-atuin-18.6.1"
      },
      "system": "x86_64-linux",
      "group": "toplevel",
      "priority": 5
    },
    {
      "attr_path": "fzf",
      "broken": false,
      "derivation": "/nix/store/1abkqw26w6rxa6xl3wm0p6bdxvxnrqbk-fzf-0.64.0.drv",
      "description": "Command-line fuzzy finder written in Go",
      "install_id": "fzf",
      "license": "MIT",
      "locked_url": "https://github.com/flox/nixpkgs?rev=6e987485eb2c77e5dcc5af4e3c70843711ef9251",
      "name": "fzf-0.64.0",
      "pname": "fzf",
      "rev": "6e987485eb2c77e5dcc5af4e3c70843711ef9251",
      "rev_count": 831064,
      "rev_date": "2025-07-16T17:35:22Z",
      "scrape_date": "2025-07-19T00:32:24.448685Z",
      "stabilities": [
        "unstable"
      ],
      "unfree": false,
      "version": "0.64.0",
      "outputs_to_install": [
        "man",
        "out"
      ],
      "outputs": {
        "man": "/nix/store/92m6gs7kxwn75x2pjvymc1a88vpwhjxf-fzf-0.64.0-man",
        "out": "/nix/store/bj6lvzay4vg3gjczdqyq4fbhgl8ns601-fzf-0.64.0"
      },
      "system": "aarch64-darwin",
      "group": "toplevel",
      "priority": 5
    },
    {
      "attr_path": "fzf",
      "broken": false,
      "derivation": "/nix/store/gfb96lmg42g4cgx6ac5066psh2kdj2nk-fzf-0.64.0.drv",
      "description": "Command-line fuzzy finder written in Go",
      "install_id": "fzf",
      "license": "MIT",
      "locked_url": "https://github.com/flox/nixpkgs?rev=6e987485eb2c77e5dcc5af4e3c70843711ef9251",
      "name": "fzf-0.64.0",
      "pname": "fzf",
      "rev": "6e987485eb2c77e5dcc5af4e3c70843711ef9251",
      "rev_count": 831064,
      "rev_date": "2025-07-16T17:35:22Z",
      "scrape_date": "2025-07-19T00:58:03.631205Z",
      "stabilities": [
        "unstable"
      ],
      "unfree": false,
      "version": "0.64.0",
      "outputs_to_install": [
        "man",
        "out"
      ],
      "outputs": {
        "man": "/nix/store/bv65068476x9zqswips8sqixhqc2f9h4-fzf-0.64.0-man",
        "out": "/nix/store/9397hrvdqcznw6kmd7c3qpxmsb48r87j-fzf-0.64.0"
      },
      "system": "aarch64-linux",
      "group": "toplevel",
      "priority": 5
    },
    {
      "attr_path": "fzf",
      "broken": false,
      "derivation": "/nix/store/xiy740npcp81w5xbryh20wq8vb32iwp2-fzf-0.64.0.drv",
      "description": "Command-line fuzzy finder written in Go",
      "install_id": "fzf",
      "license": "MIT",
      "locked_url": "https://github.com/flox/nixpkgs?rev=6e987485eb2c77e5dcc5af4e3c70843711ef9251",
      "name": "fzf-0.64.0",
      "pname": "fzf",
      "rev": "6e987485eb2c77e5dcc5af4e3c70843711ef9251",
      "rev_count": 831064,
      "rev_date": "2025-07-16T17:35:22Z",
      "scrape_date": "2025-07-19T01:21:12.170473Z",
      "stabilities": [
        "unstable"
      ],
      "unfree": false,
      "version": "0.64.0",
      "outputs_to_install": [
        "man",
        "out"
      ],
      "outputs": {
        "man": "/nix/store/h1czpbzdsng942l67nd2x9yrcjargiia-fzf-0.64.0-man",
        "out": "/nix/store/144sk131savp2qgjwjz37ryhxiqhmlg0-fzf-0.64.0"
      },
      "system": "x86_64-darwin",
      "group": "toplevel",
      "priority": 5
    },
    {
      "attr_path": "fzf",
      "broken": false,
      "derivation": "/nix/store/9yq5agkbc5rv6d6y1pkavcl98mxl59aa-fzf-0.64.0.drv",
      "description": "Command-line fuzzy finder written in Go",
      "install_id": "fzf",
      "license": "MIT",
      "locked_url": "https://github.com/flox/nixpkgs?rev=6e987485eb2c77e5dcc5af4e3c70843711ef9251",
      "name": "fzf-0.64.0",
      "pname": "fzf",
      "rev": "6e987485eb2c77e5dcc5af4e3c70843711ef9251",
      "rev_count": 831064,
      "rev_date": "2025-07-16T17:35:22Z",
      "scrape_date": "2025-07-19T01:48:23.687950Z",
      "stabilities": [
        "unstable"
      ],
      "unfree": false,
      "version": "0.64.0",
      "outputs_to_install": [
        "man",
        "out"
      ],
      "outputs": {
        "man": "/nix/store/yxjhpwqg11d4dx6hg07cw9i7zycy98v3-fzf-0.64.0-man",
        "out": "/nix/store/y1az1agnfb2w4ycaf2jndd7n0z59cj9a-fzf-0.64.0"
      },
      "system": "x86_64-linux",
      "group": "toplevel",
      "priority": 5
    },
    {
      "attr_path": "gh",
      "broken": false,
      "derivation": "/nix/store/03bzn94gxga4qf9xnc53jn5hkdw9shp6-gh-2.75.0.drv",
      "description": "GitHub CLI tool",
      "install_id": "gh",
      "license": "MIT",
      "locked_url": "https://github.com/flox/nixpkgs?rev=6e987485eb2c77e5dcc5af4e3c70843711ef9251",
      "name": "gh-2.75.0",
      "pname": "gh",
      "rev": "6e987485eb2c77e5dcc5af4e3c70843711ef9251",
      "rev_count": 831064,
      "rev_date": "2025-07-16T17:35:22Z",
      "scrape_date": "2025-07-19T00:32:24.514123Z",
      "stabilities": [
        "unstable"
      ],
      "unfree": false,
      "version": "2.75.0",
      "outputs_to_install": [
        "out"
      ],
      "outputs": {
        "out": "/nix/store/xc43d6igymq94mhjd1gfqilz3kfi8vad-gh-2.75.0"
      },
      "system": "aarch64-darwin",
      "group": "toplevel",
      "priority": 5
    },
    {
      "attr_path": "gh",
      "broken": false,
      "derivation": "/nix/store/fbhhq79kvvq55vr3d45fkx641csjd62d-gh-2.75.0.drv",
      "description": "GitHub CLI tool",
      "install_id": "gh",
      "license": "MIT",
      "locked_url": "https://github.com/flox/nixpkgs?rev=6e987485eb2c77e5dcc5af4e3c70843711ef9251",
      "name": "gh-2.75.0",
      "pname": "gh",
      "rev": "6e987485eb2c77e5dcc5af4e3c70843711ef9251",
      "rev_count": 831064,
      "rev_date": "2025-07-16T17:35:22Z",
      "scrape_date": "2025-07-19T00:58:03.735052Z",
      "stabilities": [
        "unstable"
      ],
      "unfree": false,
      "version": "2.75.0",
      "outputs_to_install": [
        "out"
      ],
      "outputs": {
        "out": "/nix/store/hv9xl6799pv04ic4608b3c14qq16xb8m-gh-2.75.0"
      },
      "system": "aarch64-linux",
      "group": "toplevel",
      "priority": 5
    },
    {
      "attr_path": "gh",
      "broken": false,
      "derivation": "/nix/store/xp0xrd2fy2wmapid8bhcqfbl8hsb662a-gh-2.75.0.drv",
      "description": "GitHub CLI tool",
      "install_id": "gh",
      "license": "MIT",
      "locked_url": "https://github.com/flox/nixpkgs?rev=6e987485eb2c77e5dcc5af4e3c70843711ef9251",
      "name": "gh-2.75.0",
      "pname": "gh",
      "rev": "6e987485eb2c77e5dcc5af4e3c70843711ef9251",
      "rev_count": 831064,
      "rev_date": "2025-07-16T17:35:22Z",
      "scrape_date": "2025-07-19T01:21:12.237817Z",
      "stabilities": [
        "unstable"
      ],
      "unfree": false,
      "version": "2.75.0",
      "outputs_to_install": [
        "out"
      ],
      "outputs": {
        "out": "/nix/store/l6fqsyhhaz6cw0vz8w9vpcm0789zfjpc-gh-2.75.0"
      },
      "system": "x86_64-darwin",
      "group": "toplevel",
      "priority": 5
    },
    {
      "attr_path": "gh",
      "broken": false,
      "derivation": "/nix/store/2509iqcrf3p9kn9gdv0pd80zymrkilv9-gh-2.75.0.drv",
      "description": "GitHub CLI tool",
      "install_id": "gh",
      "license": "MIT",
      "locked_url": "https://github.com/flox/nixpkgs?rev=6e987485eb2c77e5dcc5af4e3c70843711ef9251",
      "name": "gh-2.75.0",
      "pname": "gh",
      "rev": "6e987485eb2c77e5dcc5af4e3c70843711ef9251",
      "rev_count": 831064,
      "rev_date": "2025-07-16T17:35:22Z",
      "scrape_date": "2025-07-19T01:48:23.806453Z",
      "stabilities": [
        "unstable"
      ],
      "unfree": false,
      "version": "2.75.0",
      "outputs_to_install": [
        "out"
      ],
      "outputs": {
        "out": "/nix/store/baiib84j3s8477b7vvjmm5jpzfh7r2wf-gh-2.75.0"
      },
      "system": "x86_64-linux",
      "group": "toplevel",
      "priority": 5
    },
    {
      "attr_path": "git",
      "broken": false,
      "derivation": "/nix/store/wjdpcd15lvvaw09llrxfv5xrsfc0rhpw-git-2.50.0.drv",
      "description": "Distributed version control system",
      "install_id": "git",
      "license": "GPL-2.0",
      "locked_url": "https://github.com/flox/nixpkgs?rev=6e987485eb2c77e5dcc5af4e3c70843711ef9251",
      "name": "git-2.50.0",
      "pname": "git",
      "rev": "6e987485eb2c77e5dcc5af4e3c70843711ef9251",
      "rev_count": 831064,
      "rev_date": "2025-07-16T17:35:22Z",
      "scrape_date": "2025-07-19T00:32:24.537332Z",
      "stabilities": [
        "unstable"
      ],
      "unfree": false,
      "version": "2.50.0",
      "outputs_to_install": [
        "out"
      ],
      "outputs": {
        "doc": "/nix/store/wfg8mczayhr7k13bq6fjl1h7rxg5f6p8-git-2.50.0-doc",
        "out": "/nix/store/2jwgd7jj1dil1b73h8hnh0xj928416jp-git-2.50.0"
      },
      "system": "aarch64-darwin",
      "group": "toplevel",
      "priority": 5
    },
    {
      "attr_path": "git",
      "broken": false,
      "derivation": "/nix/store/72m2vn903b00xjmay152nlqd66cq2m12-git-2.50.0.drv",
      "description": "Distributed version control system",
      "install_id": "git",
      "license": "GPL-2.0",
      "locked_url": "https://github.com/flox/nixpkgs?rev=6e987485eb2c77e5dcc5af4e3c70843711ef9251",
      "name": "git-2.50.0",
      "pname": "git",
      "rev": "6e987485eb2c77e5dcc5af4e3c70843711ef9251",
      "rev_count": 831064,
      "rev_date": "2025-07-16T17:35:22Z",
      "scrape_date": "2025-07-19T00:58:03.770281Z",
      "stabilities": [
        "unstable"
      ],
      "unfree": false,
      "version": "2.50.0",
      "outputs_to_install": [
        "out"
      ],
      "outputs": {
        "debug": "/nix/store/dajrhy2l14ghs5awaag5n8yj62lwsyg9-git-2.50.0-debug",
        "doc": "/nix/store/kj8r3acr12x0hkxs0hyrpd8wknvvwhd2-git-2.50.0-doc",
        "out": "/nix/store/7mp9n7lbilhk56s842rigrjclbr5ipdj-git-2.50.0"
      },
      "system": "aarch64-linux",
      "group": "toplevel",
      "priority": 5
    },
    {
      "attr_path": "git",
      "broken": false,
      "derivation": "/nix/store/wj62wc6wxdz4k28n6x0xk0vb1riysbf3-git-2.50.0.drv",
      "description": "Distributed version control system",
      "install_id": "git",
      "license": "GPL-2.0",
      "locked_url": "https://github.com/flox/nixpkgs?rev=6e987485eb2c77e5dcc5af4e3c70843711ef9251",
      "name": "git-2.50.0",
      "pname": "git",
      "rev": "6e987485eb2c77e5dcc5af4e3c70843711ef9251",
      "rev_count": 831064,
      "rev_date": "2025-07-16T17:35:22Z",
      "scrape_date": "2025-07-19T01:21:12.261945Z",
      "stabilities": [
        "unstable"
      ],
      "unfree": false,
      "version": "2.50.0",
      "outputs_to_install": [
        "out"
      ],
      "outputs": {
        "doc": "/nix/store/kc1k9n4im10nlm6csp16jg3052vdmifa-git-2.50.0-doc",
        "out": "/nix/store/wy5g4i1fr1vrg2drjflbsd75rq7j9rh9-git-2.50.0"
      },
      "system": "x86_64-darwin",
      "group": "toplevel",
      "priority": 5
    },
    {
      "attr_path": "git",
      "broken": false,
      "derivation": "/nix/store/ci1zf3dgi4hagaic14acxgcr2j2hi342-git-2.50.0.drv",
      "description": "Distributed version control system",
      "install_id": "git",
      "license": "GPL-2.0",
      "locked_url": "https://github.com/flox/nixpkgs?rev=6e987485eb2c77e5dcc5af4e3c70843711ef9251",
      "name": "git-2.50.0",
      "pname": "git",
      "rev": "6e987485eb2c77e5dcc5af4e3c70843711ef9251",
      "rev_count": 831064,
      "rev_date": "2025-07-16T17:35:22Z",
      "scrape_date": "2025-07-19T01:48:23.846538Z",
      "stabilities": [
        "unstable"
      ],
      "unfree": false,
      "version": "2.50.0",
      "outputs_to_install": [
        "out"
      ],
      "outputs": {
        "debug": "/nix/store/h29apnv0hcp0w03whsh03izhq7ln1jyw-git-2.50.0-debug",
        "doc": "/nix/store/fypvhmxqj3583rkzxvmwakw10yri2i23-git-2.50.0-doc",
        "out": "/nix/store/khdq35xh67vw7j7k9y4q9l0svxznhx1b-git-2.50.0"
      },
      "system": "x86_64-linux",
      "group": "toplevel",
      "priority": 5
    },
    {
      "attr_path": "jq",
      "broken": false,
      "derivation": "/nix/store/dr7yiq7ia711401wd57gmkcs3zfmg88m-jq-1.8.1.drv",
      "description": "Lightweight and flexible command-line JSON processor",
      "install_id": "jq",
      "license": "MIT",
      "locked_url": "https://github.com/flox/nixpkgs?rev=6e987485eb2c77e5dcc5af4e3c70843711ef9251",
      "name": "jq-1.8.1",
      "pname": "jq",
      "rev": "6e987485eb2c77e5dcc5af4e3c70843711ef9251",
      "rev_count": 831064,
      "rev_date": "2025-07-16T17:35:22Z",
      "scrape_date": "2025-07-19T00:32:25.178117Z",
      "stabilities": [
        "unstable"
      ],
      "unfree": false,
      "version": "1.8.1",
      "outputs_to_install": [
        "bin",
        "man"
      ],
      "outputs": {
        "bin": "/nix/store/9g64fqz8v74v5ixgalm8a074jp754423-jq-1.8.1-bin",
        "dev": "/nix/store/97sbzpy66rngcyzdx2xnwc58fd4xanz2-jq-1.8.1-dev",
        "doc": "/nix/store/2hc8qfk7rp04hafsr260dri1bd6ywvgc-jq-1.8.1-doc",
        "man": "/nix/store/d6h860ssnqqm5pb18k7cha953j8v41rp-jq-1.8.1-man",
        "out": "/nix/store/5g1fsdjybk63bvnradhy861cv1j0zvbj-jq-1.8.1"
      },
      "system": "aarch64-darwin",
      "group": "toplevel",
      "priority": 5
    },
    {
      "attr_path": "jq",
      "broken": false,
      "derivation": "/nix/store/f1d1sh05n7k3cydvibz1b48zqllhf388-jq-1.8.1.drv",
      "description": "Lightweight and flexible command-line JSON processor",
      "install_id": "jq",
      "license": "MIT",
      "locked_url": "https://github.com/flox/nixpkgs?rev=6e987485eb2c77e5dcc5af4e3c70843711ef9251",
      "name": "jq-1.8.1",
      "pname": "jq",
      "rev": "6e987485eb2c77e5dcc5af4e3c70843711ef9251",
      "rev_count": 831064,
      "rev_date": "2025-07-16T17:35:22Z",
      "scrape_date": "2025-07-19T00:58:05.512177Z",
      "stabilities": [
        "unstable"
      ],
      "unfree": false,
      "version": "1.8.1",
      "outputs_to_install": [
        "bin",
        "man"
      ],
      "outputs": {
        "bin": "/nix/store/l5rpi6yjzh77xr06zw3npj5b4wh8nd2r-jq-1.8.1-bin",
        "dev": "/nix/store/lxkdipbc6lnyjfaxc8993p0f3awzaxv7-jq-1.8.1-dev",
        "doc": "/nix/store/1lln8d94np1gvpa4xd3a7s70hpxcrjja-jq-1.8.1-doc",
        "man": "/nix/store/df5cp877l2zda5hzs5aaj57nsb630mqj-jq-1.8.1-man",
        "out": "/nix/store/ywm87lf11xxj4qbc26sm466cy2krazhf-jq-1.8.1"
      },
      "system": "aarch64-linux",
      "group": "toplevel",
      "priority": 5
    },
    {
      "attr_path": "jq",
      "broken": false,
      "derivation": "/nix/store/6pkvznm6k9k945jk814s9ykvw006r1cr-jq-1.8.1.drv",
      "description": "Lightweight and flexible command-line JSON processor",
      "install_id": "jq",
      "license": "MIT",
      "locked_url": "https://github.com/flox/nixpkgs?rev=6e987485eb2c77e5dcc5af4e3c70843711ef9251",
      "name": "jq-1.8.1",
      "pname": "jq",
      "rev": "6e987485eb2c77e5dcc5af4e3c70843711ef9251",
      "rev_count": 831064,
      "rev_date": "2025-07-16T17:35:22Z",
      "scrape_date": "2025-07-19T01:21:12.876184Z",
      "stabilities": [
        "unstable"
      ],
      "unfree": false,
      "version": "1.8.1",
      "outputs_to_install": [
        "bin",
        "man"
      ],
      "outputs": {
        "bin": "/nix/store/97l9ssj90sn8aaggnqn2ds8jbwxbjkmv-jq-1.8.1-bin",
        "dev": "/nix/store/cbmrkzdp2rv163jj3m5415609jcg07qa-jq-1.8.1-dev",
        "doc": "/nix/store/z2cnrn59may5ngxgydjrhnsam4cl2chg-jq-1.8.1-doc",
        "man": "/nix/store/mm9hiakwqhmqrc0ajdwy9pld482a5xh6-jq-1.8.1-man",
        "out": "/nix/store/nvj03nflpfrpmza7cnnlyshvsnpa8hxc-jq-1.8.1"
      },
      "system": "x86_64-darwin",
      "group": "toplevel",
      "priority": 5
    },
    {
      "attr_path": "jq",
      "broken": false,
      "derivation": "/nix/store/n8hy5gvnrw0kzz6cjdhky3rxr0q024sh-jq-1.8.1.drv",
      "description": "Lightweight and flexible command-line JSON processor",
      "install_id": "jq",
      "license": "MIT",
      "locked_url": "https://github.com/flox/nixpkgs?rev=6e987485eb2c77e5dcc5af4e3c70843711ef9251",
      "name": "jq-1.8.1",
      "pname": "jq",
      "rev": "6e987485eb2c77e5dcc5af4e3c70843711ef9251",
      "rev_count": 831064,
      "rev_date": "2025-07-16T17:35:22Z",
      "scrape_date": "2025-07-19T01:48:25.853885Z",
      "stabilities": [
        "unstable"
      ],
      "unfree": false,
      "version": "1.8.1",
      "outputs_to_install": [
        "bin",
        "man"
      ],
      "outputs": {
        "bin": "/nix/store/ddvkwrb70cx04g7a42rlg6ka1j819kv4-jq-1.8.1-bin",
        "dev": "/nix/store/x0kva02y0iyh7l0qvnx3l8ci7ll1r5si-jq-1.8.1-dev",
        "doc": "/nix/store/fc6m4lbv9g4j1hfrx2yip2w83b4pjf42-jq-1.8.1-doc",
        "man": "/nix/store/mkpcj600czkqcr542ysi8pzssadl4yrc-jq-1.8.1-man",
        "out": "/nix/store/zrv91dsf75ixqjym4syy0f6g87wrziw7-jq-1.8.1"
      },
      "system": "x86_64-linux",
      "group": "toplevel",
      "priority": 5
    },
    {
      "attr_path": "neovim",
      "broken": false,
      "derivation": "/nix/store/5gslj4lwl98camg47zjbbaiydi8jwf5n-neovim-0.11.3.drv",
      "description": "Vim text editor fork focused on extensibility and agility",
      "install_id": "neovim",
      "license": "[ Apache-2.0, Vim ]",
      "locked_url": "https://github.com/flox/nixpkgs?rev=6e987485eb2c77e5dcc5af4e3c70843711ef9251",
      "name": "neovim-0.11.3",
      "pname": "neovim",
      "rev": "6e987485eb2c77e5dcc5af4e3c70843711ef9251",
      "rev_count": 831064,
      "rev_date": "2025-07-16T17:35:22Z",
      "scrape_date": "2025-07-19T00:32:27.027691Z",
      "stabilities": [
        "unstable"
      ],
      "unfree": false,
      "version": "0.11.3",
      "outputs_to_install": [
        "out"
      ],
      "outputs": {
        "out": "/nix/store/20n662aw5dz0rs1l91gybpcijnl2c0q1-neovim-0.11.3"
      },
      "system": "aarch64-darwin",
      "group": "toplevel",
      "priority": 5
    },
    {
      "attr_path": "neovim",
      "broken": false,
      "derivation": "/nix/store/mw3w3jdvpqk53dvck1yp2gjnsadvdyfr-neovim-0.11.3.drv",
      "description": "Vim text editor fork focused on extensibility and agility",
      "install_id": "neovim",
      "license": "[ Apache-2.0, Vim ]",
      "locked_url": "https://github.com/flox/nixpkgs?rev=6e987485eb2c77e5dcc5af4e3c70843711ef9251",
      "name": "neovim-0.11.3",
      "pname": "neovim",
      "rev": "6e987485eb2c77e5dcc5af4e3c70843711ef9251",
      "rev_count": 831064,
      "rev_date": "2025-07-16T17:35:22Z",
      "scrape_date": "2025-07-19T00:58:12.820331Z",
      "stabilities": [
        "unstable"
      ],
      "unfree": false,
      "version": "0.11.3",
      "outputs_to_install": [
        "out"
      ],
      "outputs": {
        "out": "/nix/store/69ywpq64jjrrvpww31sp1z1bggy0jxkw-neovim-0.11.3"
      },
      "system": "aarch64-linux",
      "group": "toplevel",
      "priority": 5
    },
    {
      "attr_path": "neovim",
      "broken": false,
      "derivation": "/nix/store/2llycbahzllghr5z50vnnwmc3w5fi9k3-neovim-0.11.3.drv",
      "description": "Vim text editor fork focused on extensibility and agility",
      "install_id": "neovim",
      "license": "[ Apache-2.0, Vim ]",
      "locked_url": "https://github.com/flox/nixpkgs?rev=6e987485eb2c77e5dcc5af4e3c70843711ef9251",
      "name": "neovim-0.11.3",
      "pname": "neovim",
      "rev": "6e987485eb2c77e5dcc5af4e3c70843711ef9251",
      "rev_count": 831064,
      "rev_date": "2025-07-16T17:35:22Z",
      "scrape_date": "2025-07-19T01:21:14.754019Z",
      "stabilities": [
        "unstable"
      ],
      "unfree": false,
      "version": "0.11.3",
      "outputs_to_install": [
        "out"
      ],
      "outputs": {
        "out": "/nix/store/mjvvwchk25x88rccmyws62cfcm6kzgvj-neovim-0.11.3"
      },
      "system": "x86_64-darwin",
      "group": "toplevel",
      "priority": 5
    },
    {
      "attr_path": "neovim",
      "broken": false,
      "derivation": "/nix/store/z7mrkj9n0a623r40xq8605f3bf4w536z-neovim-0.11.3.drv",
      "description": "Vim text editor fork focused on extensibility and agility",
      "install_id": "neovim",
      "license": "[ Apache-2.0, Vim ]",
      "locked_url": "https://github.com/flox/nixpkgs?rev=6e987485eb2c77e5dcc5af4e3c70843711ef9251",
      "name": "neovim-0.11.3",
      "pname": "neovim",
      "rev": "6e987485eb2c77e5dcc5af4e3c70843711ef9251",
      "rev_count": 831064,
      "rev_date": "2025-07-16T17:35:22Z",
      "scrape_date": "2025-07-19T01:48:34.757087Z",
      "stabilities": [
        "unstable"
      ],
      "unfree": false,
      "version": "0.11.3",
      "outputs_to_install": [
        "out"
      ],
      "outputs": {
        "out": "/nix/store/62z9sarrycxm5agv1c1mhf0bbw2qw71k-neovim-0.11.3"
      },
      "system": "x86_64-linux",
      "group": "toplevel",
      "priority": 5
    },
    {
      "attr_path": "ripgrep",
      "broken": false,
      "derivation": "/nix/store/iy91g5yynjgw92q7p069nqn2kdffnkkz-ripgrep-14.1.1.drv",
      "description": "Utility that combines the usability of The Silver Searcher with the raw speed of grep",
      "install_id": "ripgrep",
      "license": "[ Unlicense, MIT ]",
      "locked_url": "https://github.com/flox/nixpkgs?rev=6e987485eb2c77e5dcc5af4e3c70843711ef9251",
      "name": "ripgrep-14.1.1",
      "pname": "ripgrep",
      "rev": "6e987485eb2c77e5dcc5af4e3c70843711ef9251",
      "rev_count": 831064,
      "rev_date": "2025-07-16T17:35:22Z",
      "scrape_date": "2025-07-19T00:32:58.129784Z",
      "stabilities": [
        "unstable"
      ],
      "unfree": false,
      "version": "14.1.1",
      "outputs_to_install": [
        "out"
      ],
      "outputs": {
        "out": "/nix/store/lxv4lraggh0g9bjcaxf4qicar3q7i1rz-ripgrep-14.1.1"
      },
      "system": "aarch64-darwin",
      "group": "toplevel",
      "priority": 5
    },
    {
      "attr_path": "ripgrep",
      "broken": false,
      "derivation": "/nix/store/fmsbhyg4s0mfsg18kvw0xzbrq5z42bm5-ripgrep-14.1.1.drv",
      "description": "Utility that combines the usability of The Silver Searcher with the raw speed of grep",
      "install_id": "ripgrep",
      "license": "[ Unlicense, MIT ]",
      "locked_url": "https://github.com/flox/nixpkgs?rev=6e987485eb2c77e5dcc5af4e3c70843711ef9251",
      "name": "ripgrep-14.1.1",
      "pname": "ripgrep",
      "rev": "6e987485eb2c77e5dcc5af4e3c70843711ef9251",
      "rev_count": 831064,
      "rev_date": "2025-07-16T17:35:22Z",
      "scrape_date": "2025-07-19T00:58:54.891928Z",
      "stabilities": [
        "unstable"
      ],
      "unfree": false,
      "version": "14.1.1",
      "outputs_to_install": [
        "out"
      ],
      "outputs": {
        "out": "/nix/store/i4dsm587azhml1cqf7agwd9dxgx52n5g-ripgrep-14.1.1"
      },
      "system": "aarch64-linux",
      "group": "toplevel",
      "priority": 5
    },
    {
      "attr_path": "ripgrep",
      "broken": false,
      "derivation": "/nix/store/zkz6hkh43zmqfav7wagxnrx6fjmsndlv-ripgrep-14.1.1.drv",
      "description": "Utility that combines the usability of The Silver Searcher with the raw speed of grep",
      "install_id": "ripgrep",
      "license": "[ Unlicense, MIT ]",
      "locked_url": "https://github.com/flox/nixpkgs?rev=6e987485eb2c77e5dcc5af4e3c70843711ef9251",
      "name": "ripgrep-14.1.1",
      "pname": "ripgrep",
      "rev": "6e987485eb2c77e5dcc5af4e3c70843711ef9251",
      "rev_count": 831064,
      "rev_date": "2025-07-16T17:35:22Z",
      "scrape_date": "2025-07-19T01:21:42.326132Z",
      "stabilities": [
        "unstable"
      ],
      "unfree": false,
      "version": "14.1.1",
      "outputs_to_install": [
        "out"
      ],
      "outputs": {
        "out": "/nix/store/sn28r34yalqqj7sp1qnjw8ldl30cjsz4-ripgrep-14.1.1"
      },
      "system": "x86_64-darwin",
      "group": "toplevel",
      "priority": 5
    },
    {
      "attr_path": "ripgrep",
      "broken": false,
      "derivation": "/nix/store/raf0wymdadl5nbn17ws9vmpp622lvii7-ripgrep-14.1.1.drv",
      "description": "Utility that combines the usability of The Silver Searcher with the raw speed of grep",
      "install_id": "ripgrep",
      "license": "[ Unlicense, MIT ]",
      "locked_url": "https://github.com/flox/nixpkgs?rev=6e987485eb2c77e5dcc5af4e3c70843711ef9251",
      "name": "ripgrep-14.1.1",
      "pname": "ripgrep",
      "rev": "6e987485eb2c77e5dcc5af4e3c70843711ef9251",
      "rev_count": 831064,
      "rev_date": "2025-07-16T17:35:22Z",
      "scrape_date": "2025-07-19T01:49:22.490379Z",
      "stabilities": [
        "unstable"
      ],
      "unfree": false,
      "version": "14.1.1",
      "outputs_to_install": [
        "out"
      ],
      "outputs": {
        "out": "/nix/store/8m8bfl2xl7vpr8qlibgb0cd3ybkkmn3j-ripgrep-14.1.1"
      },
      "system": "x86_64-linux",
      "group": "toplevel",
      "priority": 5
    },
    {
      "attr_path": "tree",
      "broken": false,
      "derivation": "/nix/store/z0b80shadjb281jdg3f34jj80z58fpnb-tree-2.2.1.drv",
      "description": "Command to produce a depth indented directory listing",
      "install_id": "tree",
      "license": "GPL-2.0-or-later",
      "locked_url": "https://github.com/flox/nixpkgs?rev=6e987485eb2c77e5dcc5af4e3c70843711ef9251",
      "name": "tree-2.2.1",
      "pname": "tree",
      "rev": "6e987485eb2c77e5dcc5af4e3c70843711ef9251",
      "rev_count": 831064,
      "rev_date": "2025-07-16T17:35:22Z",
      "scrape_date": "2025-07-19T00:33:26.240897Z",
      "stabilities": [
        "unstable"
      ],
      "unfree": false,
      "version": "2.2.1",
      "outputs_to_install": [
        "out"
      ],
      "outputs": {
        "out": "/nix/store/l5r56cq73b0zwbx6189q4xffib475kj4-tree-2.2.1"
      },
      "system": "aarch64-darwin",
      "group": "toplevel",
      "priority": 5
    },
    {
      "attr_path": "tree",
      "broken": false,
      "derivation": "/nix/store/3f4h7g113vldk3almzxkb62xmpzvdwid-tree-2.2.1.drv",
      "description": "Command to produce a depth indented directory listing",
      "install_id": "tree",
      "license": "GPL-2.0-or-later",
      "locked_url": "https://github.com/flox/nixpkgs?rev=6e987485eb2c77e5dcc5af4e3c70843711ef9251",
      "name": "tree-2.2.1",
      "pname": "tree",
      "rev": "6e987485eb2c77e5dcc5af4e3c70843711ef9251",
      "rev_count": 831064,
      "rev_date": "2025-07-16T17:35:22Z",
      "scrape_date": "2025-07-19T00:59:24.709776Z",
      "stabilities": [
        "unstable"
      ],
      "unfree": false,
      "version": "2.2.1",
      "outputs_to_install": [
        "out"
      ],
      "outputs": {
        "out": "/nix/store/76fcdm0jljrxfvxmlxp2l3pv0s626hig-tree-2.2.1"
      },
      "system": "aarch64-linux",
      "group": "toplevel",
      "priority": 5
    },
    {
      "attr_path": "tree",
      "broken": false,
      "derivation": "/nix/store/25hi24qyam97db4brr9ppd8dsgvvqc5c-tree-2.2.1.drv",
      "description": "Command to produce a depth indented directory listing",
      "install_id": "tree",
      "license": "GPL-2.0-or-later",
      "locked_url": "https://github.com/flox/nixpkgs?rev=6e987485eb2c77e5dcc5af4e3c70843711ef9251",
      "name": "tree-2.2.1",
      "pname": "tree",
      "rev": "6e987485eb2c77e5dcc5af4e3c70843711ef9251",
      "rev_count": 831064,
      "rev_date": "2025-07-16T17:35:22Z",
      "scrape_date": "2025-07-19T01:22:04.594542Z",
      "stabilities": [
        "unstable"
      ],
      "unfree": false,
      "version": "2.2.1",
      "outputs_to_install": [
        "out"
      ],
      "outputs": {
        "out": "/nix/store/bfbqqz04njss1566q3i4d8s11drmy159-tree-2.2.1"
      },
      "system": "x86_64-darwin",
      "group": "toplevel",
      "priority": 5
    },
    {
      "attr_path": "tree",
      "broken": false,
      "derivation": "/nix/store/58p63v8gjc3nhp04zrgyrbv5y94bzxyd-tree-2.2.1.drv",
      "description": "Command to produce a depth indented directory listing",
      "install_id": "tree",
      "license": "GPL-2.0-or-later",
      "locked_url": "https://github.com/flox/nixpkgs?rev=6e987485eb2c77e5dcc5af4e3c70843711ef9251",
      "name": "tree-2.2.1",
      "pname": "tree",
      "rev": "6e987485eb2c77e5dcc5af4e3c70843711ef9251",
      "rev_count": 831064,
      "rev_date": "2025-07-16T17:35:22Z",
      "scrape_date": "2025-07-19T01:49:56.208159Z",
      "stabilities": [
        "unstable"
      ],
      "unfree": false,
      "version": "2.2.1",
      "outputs_to_install": [
        "out"
      ],
      "outputs": {
        "out": "/nix/store/ydvd8g6sp44icpmqiwx2ismmhfjr4276-tree-2.2.1"
      },
      "system": "x86_64-linux",
      "group": "toplevel",
      "priority": 5
    }
  ]
}